// !$*UTF8*$!
{
	archiveVersion = 1;
	classes = {
	};
	objectVersion = 48;
	objects = {

/* Begin PBXBuildFile section */
		5208A767206F303700F6B9EA /* AppDelegate.m in Sources */ = {isa = PBXBuildFile; fileRef = 5208A766206F303700F6B9EA /* AppDelegate.m */; };
		5208A76F206F303700F6B9EA /* Assets.xcassets in Resources */ = {isa = PBXBuildFile; fileRef = 5208A76E206F303700F6B9EA /* Assets.xcassets */; };
		5208A772206F303700F6B9EA /* LaunchScreen.storyboard in Resources */ = {isa = PBXBuildFile; fileRef = 5208A770206F303700F6B9EA /* LaunchScreen.storyboard */; };
		5208A775206F303700F6B9EA /* main.m in Sources */ = {isa = PBXBuildFile; fileRef = 5208A774206F303700F6B9EA /* main.m */; };
		522F99FC206F665E001BCA9E /* LPRelease.m in Sources */ = {isa = PBXBuildFile; fileRef = 522F99FB206F665E001BCA9E /* LPRelease.m */; };
		522F99FE206F730E001BCA9E /* LPMain.storyboard in Resources */ = {isa = PBXBuildFile; fileRef = 522F99FD206F730E001BCA9E /* LPMain.storyboard */; };
		522F9A01206F7829001BCA9E /* LPPreview.m in Sources */ = {isa = PBXBuildFile; fileRef = 522F9A00206F7829001BCA9E /* LPPreview.m */; };
		52997A8320720D39008EC270 /* LPNetWork.m in Sources */ = {isa = PBXBuildFile; fileRef = 529979EE20720D39008EC270 /* LPNetWork.m */; };
		52997A8420720D39008EC270 /* LTBaseEditorTableCell.m in Sources */ = {isa = PBXBuildFile; fileRef = 529979F220720D39008EC270 /* LTBaseEditorTableCell.m */; };
		52997A8520720D39008EC270 /* LTBaseNavigationController.m in Sources */ = {isa = PBXBuildFile; fileRef = 529979F420720D39008EC270 /* LTBaseNavigationController.m */; };
		52997A8620720D39008EC270 /* LTBaseTableCell.m in Sources */ = {isa = PBXBuildFile; fileRef = 529979F620720D39008EC270 /* LTBaseTableCell.m */; };
		52997A8720720D39008EC270 /* LTBaseTableCellEntity.m in Sources */ = {isa = PBXBuildFile; fileRef = 529979F820720D39008EC270 /* LTBaseTableCellEntity.m */; };
		52997A8820720D39008EC270 /* LTBaseTableViewController.m in Sources */ = {isa = PBXBuildFile; fileRef = 529979FA20720D39008EC270 /* LTBaseTableViewController.m */; };
		52997A8920720D39008EC270 /* LTBaseViewController.m in Sources */ = {isa = PBXBuildFile; fileRef = 529979FC20720D39008EC270 /* LTBaseViewController.m */; };
		52997A8A20720D39008EC270 /* GCBaseModel.m in Sources */ = {isa = PBXBuildFile; fileRef = 52997A0020720D39008EC270 /* GCBaseModel.m */; };
		52997A8B20720D39008EC270 /* GCCommons.m in Sources */ = {isa = PBXBuildFile; fileRef = 52997A0220720D39008EC270 /* GCCommons.m */; };
		52997A8C20720D39008EC270 /* JGProgressHUD+MVExtension.m in Sources */ = {isa = PBXBuildFile; fileRef = 52997A0420720D39008EC270 /* JGProgressHUD+MVExtension.m */; };
		52997A8D20720D39008EC270 /* LPBaseModel.m in Sources */ = {isa = PBXBuildFile; fileRef = 52997A0620720D39008EC270 /* LPBaseModel.m */; };
		52997A8E20720D39008EC270 /* LTProvinceKeyboard.m in Sources */ = {isa = PBXBuildFile; fileRef = 52997A0820720D39008EC270 /* LTProvinceKeyboard.m */; };
		52997A8F20720D39008EC270 /* NSArray+GCExtension.m in Sources */ = {isa = PBXBuildFile; fileRef = 52997A0A20720D39008EC270 /* NSArray+GCExtension.m */; };
		52997A9020720D39008EC270 /* UIColor+HexColor.m in Sources */ = {isa = PBXBuildFile; fileRef = 52997A0C20720D39008EC270 /* UIColor+HexColor.m */; };
		52997A9120720D39008EC270 /* UIView+EasyUseGeometry.m in Sources */ = {isa = PBXBuildFile; fileRef = 52997A0E20720D39008EC270 /* UIView+EasyUseGeometry.m */; };
		52997A9220720D39008EC270 /* UIView+GCExtension.m in Sources */ = {isa = PBXBuildFile; fileRef = 52997A1020720D39008EC270 /* UIView+GCExtension.m */; };
		52997A9320720D39008EC270 /* AFHTTPSessionManager.m in Sources */ = {isa = PBXBuildFile; fileRef = 52997A1520720D39008EC270 /* AFHTTPSessionManager.m */; };
		52997A9420720D39008EC270 /* AFNetworkReachabilityManager.m in Sources */ = {isa = PBXBuildFile; fileRef = 52997A1820720D39008EC270 /* AFNetworkReachabilityManager.m */; };
		52997A9520720D39008EC270 /* AFSecurityPolicy.m in Sources */ = {isa = PBXBuildFile; fileRef = 52997A1A20720D39008EC270 /* AFSecurityPolicy.m */; };
		52997A9620720D39008EC270 /* AFURLRequestSerialization.m in Sources */ = {isa = PBXBuildFile; fileRef = 52997A1C20720D39008EC270 /* AFURLRequestSerialization.m */; };
		52997A9720720D39008EC270 /* AFURLResponseSerialization.m in Sources */ = {isa = PBXBuildFile; fileRef = 52997A1E20720D39008EC270 /* AFURLResponseSerialization.m */; };
		52997A9820720D39008EC270 /* AFURLSessionManager.m in Sources */ = {isa = PBXBuildFile; fileRef = 52997A2020720D39008EC270 /* AFURLSessionManager.m */; };
		52997A9920720D39008EC270 /* LICENSE in Resources */ = {isa = PBXBuildFile; fileRef = 52997A2120720D39008EC270 /* LICENSE */; };
		52997A9A20720D39008EC270 /* README.md in Resources */ = {isa = PBXBuildFile; fileRef = 52997A2220720D39008EC270 /* README.md */; };
		52997A9B20720D39008EC270 /* AFAutoPurgingImageCache.m in Sources */ = {isa = PBXBuildFile; fileRef = 52997A2520720D39008EC270 /* AFAutoPurgingImageCache.m */; };
		52997A9C20720D39008EC270 /* AFImageDownloader.m in Sources */ = {isa = PBXBuildFile; fileRef = 52997A2720720D39008EC270 /* AFImageDownloader.m */; };
		52997A9D20720D39008EC270 /* AFNetworkActivityIndicatorManager.m in Sources */ = {isa = PBXBuildFile; fileRef = 52997A2920720D39008EC270 /* AFNetworkActivityIndicatorManager.m */; };
		52997A9E20720D39008EC270 /* UIActivityIndicatorView+AFNetworking.m in Sources */ = {isa = PBXBuildFile; fileRef = 52997A2B20720D39008EC270 /* UIActivityIndicatorView+AFNetworking.m */; };
		52997A9F20720D39008EC270 /* UIButton+AFNetworking.m in Sources */ = {isa = PBXBuildFile; fileRef = 52997A2D20720D39008EC270 /* UIButton+AFNetworking.m */; };
		52997AA020720D39008EC270 /* UIImageView+AFNetworking.m in Sources */ = {isa = PBXBuildFile; fileRef = 52997A3020720D39008EC270 /* UIImageView+AFNetworking.m */; };
		52997AA120720D39008EC270 /* UIProgressView+AFNetworking.m in Sources */ = {isa = PBXBuildFile; fileRef = 52997A3320720D39008EC270 /* UIProgressView+AFNetworking.m */; };
		52997AA220720D39008EC270 /* UIRefreshControl+AFNetworking.m in Sources */ = {isa = PBXBuildFile; fileRef = 52997A3520720D39008EC270 /* UIRefreshControl+AFNetworking.m */; };
		52997AA320720D39008EC270 /* UIWebView+AFNetworking.m in Sources */ = {isa = PBXBuildFile; fileRef = 52997A3720720D39008EC270 /* UIWebView+AFNetworking.m */; };
		52997AA420720D39008EC270 /* iCarousel.m in Sources */ = {isa = PBXBuildFile; fileRef = 52997A3A20720D39008EC270 /* iCarousel.m */; };
		52997AA520720D39008EC270 /* JGProgressHUD Resources.bundle in Resources */ = {isa = PBXBuildFile; fileRef = 52997A3D20720D39008EC270 /* JGProgressHUD Resources.bundle */; };
		52997AA620720D39008EC270 /* JGProgressHUD.m in Sources */ = {isa = PBXBuildFile; fileRef = 52997A4020720D39008EC270 /* JGProgressHUD.m */; };
		52997AA720720D39008EC270 /* JGProgressHUDAnimation.m in Sources */ = {isa = PBXBuildFile; fileRef = 52997A4220720D39008EC270 /* JGProgressHUDAnimation.m */; };
		52997AA820720D39008EC270 /* JGProgressHUDErrorIndicatorView.m in Sources */ = {isa = PBXBuildFile; fileRef = 52997A4420720D39008EC270 /* JGProgressHUDErrorIndicatorView.m */; };
		52997AA920720D39008EC270 /* JGProgressHUDFadeAnimation.m in Sources */ = {isa = PBXBuildFile; fileRef = 52997A4620720D39008EC270 /* JGProgressHUDFadeAnimation.m */; };
		52997AAA20720D39008EC270 /* JGProgressHUDFadeZoomAnimation.m in Sources */ = {isa = PBXBuildFile; fileRef = 52997A4820720D39008EC270 /* JGProgressHUDFadeZoomAnimation.m */; };
		52997AAB20720D39008EC270 /* JGProgressHUDImageIndicatorView.m in Sources */ = {isa = PBXBuildFile; fileRef = 52997A4A20720D39008EC270 /* JGProgressHUDImageIndicatorView.m */; };
		52997AAC20720D39008EC270 /* JGProgressHUDIndeterminateIndicatorView.m in Sources */ = {isa = PBXBuildFile; fileRef = 52997A4C20720D39008EC270 /* JGProgressHUDIndeterminateIndicatorView.m */; };
		52997AAD20720D39008EC270 /* JGProgressHUDIndicatorView.m in Sources */ = {isa = PBXBuildFile; fileRef = 52997A4E20720D39008EC270 /* JGProgressHUDIndicatorView.m */; };
		52997AAE20720D39008EC270 /* JGProgressHUDPieIndicatorView.m in Sources */ = {isa = PBXBuildFile; fileRef = 52997A5020720D39008EC270 /* JGProgressHUDPieIndicatorView.m */; };
		52997AAF20720D39008EC270 /* JGProgressHUDRingIndicatorView.m in Sources */ = {isa = PBXBuildFile; fileRef = 52997A5220720D39008EC270 /* JGProgressHUDRingIndicatorView.m */; };
		52997AB020720D39008EC270 /* JGProgressHUDSuccessIndicatorView.m in Sources */ = {isa = PBXBuildFile; fileRef = 52997A5420720D39008EC270 /* JGProgressHUDSuccessIndicatorView.m */; };
		52997AB120720D39008EC270 /* LICENSE.md in Resources */ = {isa = PBXBuildFile; fileRef = 52997A5620720D39008EC270 /* LICENSE.md */; };
		52997AB220720D39008EC270 /* EXTRuntimeExtensions.m in Sources */ = {isa = PBXBuildFile; fileRef = 52997A5B20720D39008EC270 /* EXTRuntimeExtensions.m */; };
		52997AB320720D39008EC270 /* EXTScope.m in Sources */ = {isa = PBXBuildFile; fileRef = 52997A5D20720D39008EC270 /* EXTScope.m */; };
		52997AB420720D39008EC270 /* MTLJSONAdapter.m in Sources */ = {isa = PBXBuildFile; fileRef = 52997A6120720D39008EC270 /* MTLJSONAdapter.m */; };
		52997AB520720D39008EC270 /* MTLModel+NSCoding.m in Sources */ = {isa = PBXBuildFile; fileRef = 52997A6320720D39008EC270 /* MTLModel+NSCoding.m */; };
		52997AB620720D39008EC270 /* MTLModel.m in Sources */ = {isa = PBXBuildFile; fileRef = 52997A6520720D39008EC270 /* MTLModel.m */; };
		52997AB720720D39008EC270 /* MTLReflection.m in Sources */ = {isa = PBXBuildFile; fileRef = 52997A6720720D39008EC270 /* MTLReflection.m */; };
		52997AB820720D39008EC270 /* MTLTransformerErrorHandling.m in Sources */ = {isa = PBXBuildFile; fileRef = 52997A6920720D39008EC270 /* MTLTransformerErrorHandling.m */; };
		52997AB920720D39008EC270 /* MTLValueTransformer.m in Sources */ = {isa = PBXBuildFile; fileRef = 52997A6B20720D39008EC270 /* MTLValueTransformer.m */; };
		52997ABA20720D39008EC270 /* NSArray+MTLManipulationAdditions.m in Sources */ = {isa = PBXBuildFile; fileRef = 52997A6D20720D39008EC270 /* NSArray+MTLManipulationAdditions.m */; };
		52997ABB20720D39008EC270 /* NSDictionary+MTLJSONKeyPath.m in Sources */ = {isa = PBXBuildFile; fileRef = 52997A6F20720D39008EC270 /* NSDictionary+MTLJSONKeyPath.m */; };
		52997ABC20720D39008EC270 /* NSDictionary+MTLManipulationAdditions.m in Sources */ = {isa = PBXBuildFile; fileRef = 52997A7120720D39008EC270 /* NSDictionary+MTLManipulationAdditions.m */; };
		52997ABD20720D39008EC270 /* NSDictionary+MTLMappingAdditions.m in Sources */ = {isa = PBXBuildFile; fileRef = 52997A7320720D39008EC270 /* NSDictionary+MTLMappingAdditions.m */; };
		52997ABE20720D39008EC270 /* NSError+MTLModelException.m in Sources */ = {isa = PBXBuildFile; fileRef = 52997A7520720D39008EC270 /* NSError+MTLModelException.m */; };
		52997ABF20720D39008EC270 /* NSObject+MTLComparisonAdditions.m in Sources */ = {isa = PBXBuildFile; fileRef = 52997A7720720D39008EC270 /* NSObject+MTLComparisonAdditions.m */; };
		52997AC020720D39008EC270 /* NSValueTransformer+MTLInversionAdditions.m in Sources */ = {isa = PBXBuildFile; fileRef = 52997A7920720D39008EC270 /* NSValueTransformer+MTLInversionAdditions.m */; };
		52997AC120720D39008EC270 /* NSValueTransformer+MTLPredefinedTransformerAdditions.m in Sources */ = {isa = PBXBuildFile; fileRef = 52997A7B20720D39008EC270 /* NSValueTransformer+MTLPredefinedTransformerAdditions.m */; };
		52997AC220720D39008EC270 /* README.md in Resources */ = {isa = PBXBuildFile; fileRef = 52997A7C20720D39008EC270 /* README.md */; };
		52997AC320720D39008EC270 /* MVTheme.m in Sources */ = {isa = PBXBuildFile; fileRef = 52997A7F20720D39008EC270 /* MVTheme.m */; };
		52997AC420720D39008EC270 /* MVThemeManager.m in Sources */ = {isa = PBXBuildFile; fileRef = 52997A8220720D39008EC270 /* MVThemeManager.m */; };
/* End PBXBuildFile section */

/* Begin PBXFileReference section */
		5208A762206F303700F6B9EA /* zhengkehome.app */ = {isa = PBXFileReference; explicitFileType = wrapper.application; includeInIndex = 0; path = zhengkehome.app; sourceTree = BUILT_PRODUCTS_DIR; };
		5208A765206F303700F6B9EA /* AppDelegate.h */ = {isa = PBXFileReference; lastKnownFileType = sourcecode.c.h; path = AppDelegate.h; sourceTree = "<group>"; };
		5208A766206F303700F6B9EA /* AppDelegate.m */ = {isa = PBXFileReference; lastKnownFileType = sourcecode.c.objc; path = AppDelegate.m; sourceTree = "<group>"; };
		5208A76E206F303700F6B9EA /* Assets.xcassets */ = {isa = PBXFileReference; lastKnownFileType = folder.assetcatalog; path = Assets.xcassets; sourceTree = "<group>"; };
		5208A771206F303700F6B9EA /* Base */ = {isa = PBXFileReference; lastKnownFileType = file.storyboard; name = Base; path = Base.lproj/LaunchScreen.storyboard; sourceTree = "<group>"; };
		5208A773206F303700F6B9EA /* Info.plist */ = {isa = PBXFileReference; lastKnownFileType = text.plist.xml; path = Info.plist; sourceTree = "<group>"; };
		5208A774206F303700F6B9EA /* main.m */ = {isa = PBXFileReference; lastKnownFileType = sourcecode.c.objc; path = main.m; sourceTree = "<group>"; };
		522F99FA206F665E001BCA9E /* LPRelease.h */ = {isa = PBXFileReference; lastKnownFileType = sourcecode.c.h; path = LPRelease.h; sourceTree = "<group>"; };
		522F99FB206F665E001BCA9E /* LPRelease.m */ = {isa = PBXFileReference; lastKnownFileType = sourcecode.c.objc; path = LPRelease.m; sourceTree = "<group>"; };
		522F99FD206F730E001BCA9E /* LPMain.storyboard */ = {isa = PBXFileReference; fileEncoding = 4; lastKnownFileType = file.storyboard; path = LPMain.storyboard; sourceTree = "<group>"; };
		522F99FF206F7829001BCA9E /* LPPreview.h */ = {isa = PBXFileReference; lastKnownFileType = sourcecode.c.h; path = LPPreview.h; sourceTree = "<group>"; };
		522F9A00206F7829001BCA9E /* LPPreview.m */ = {isa = PBXFileReference; lastKnownFileType = sourcecode.c.objc; path = LPPreview.m; sourceTree = "<group>"; };
		529979ED20720D39008EC270 /* LPNetWork.h */ = {isa = PBXFileReference; fileEncoding = 4; lastKnownFileType = sourcecode.c.h; path = LPNetWork.h; sourceTree = "<group>"; };
		529979EE20720D39008EC270 /* LPNetWork.m */ = {isa = PBXFileReference; fileEncoding = 4; lastKnownFileType = sourcecode.c.objc; path = LPNetWork.m; sourceTree = "<group>"; };
		529979F120720D39008EC270 /* LTBaseEditorTableCell.h */ = {isa = PBXFileReference; fileEncoding = 4; lastKnownFileType = sourcecode.c.h; path = LTBaseEditorTableCell.h; sourceTree = "<group>"; };
		529979F220720D39008EC270 /* LTBaseEditorTableCell.m */ = {isa = PBXFileReference; fileEncoding = 4; lastKnownFileType = sourcecode.c.objc; path = LTBaseEditorTableCell.m; sourceTree = "<group>"; };
		529979F320720D39008EC270 /* LTBaseNavigationController.h */ = {isa = PBXFileReference; fileEncoding = 4; lastKnownFileType = sourcecode.c.h; path = LTBaseNavigationController.h; sourceTree = "<group>"; };
		529979F420720D39008EC270 /* LTBaseNavigationController.m */ = {isa = PBXFileReference; fileEncoding = 4; lastKnownFileType = sourcecode.c.objc; path = LTBaseNavigationController.m; sourceTree = "<group>"; };
		529979F520720D39008EC270 /* LTBaseTableCell.h */ = {isa = PBXFileReference; fileEncoding = 4; lastKnownFileType = sourcecode.c.h; path = LTBaseTableCell.h; sourceTree = "<group>"; };
		529979F620720D39008EC270 /* LTBaseTableCell.m */ = {isa = PBXFileReference; fileEncoding = 4; lastKnownFileType = sourcecode.c.objc; path = LTBaseTableCell.m; sourceTree = "<group>"; };
		529979F720720D39008EC270 /* LTBaseTableCellEntity.h */ = {isa = PBXFileReference; fileEncoding = 4; lastKnownFileType = sourcecode.c.h; path = LTBaseTableCellEntity.h; sourceTree = "<group>"; };
		529979F820720D39008EC270 /* LTBaseTableCellEntity.m */ = {isa = PBXFileReference; fileEncoding = 4; lastKnownFileType = sourcecode.c.objc; path = LTBaseTableCellEntity.m; sourceTree = "<group>"; };
		529979F920720D39008EC270 /* LTBaseTableViewController.h */ = {isa = PBXFileReference; fileEncoding = 4; lastKnownFileType = sourcecode.c.h; path = LTBaseTableViewController.h; sourceTree = "<group>"; };
		529979FA20720D39008EC270 /* LTBaseTableViewController.m */ = {isa = PBXFileReference; fileEncoding = 4; lastKnownFileType = sourcecode.c.objc; path = LTBaseTableViewController.m; sourceTree = "<group>"; };
		529979FB20720D39008EC270 /* LTBaseViewController.h */ = {isa = PBXFileReference; fileEncoding = 4; lastKnownFileType = sourcecode.c.h; path = LTBaseViewController.h; sourceTree = "<group>"; };
		529979FC20720D39008EC270 /* LTBaseViewController.m */ = {isa = PBXFileReference; fileEncoding = 4; lastKnownFileType = sourcecode.c.objc; path = LTBaseViewController.m; sourceTree = "<group>"; };
		529979FD20720D39008EC270 /* LTFramework.h */ = {isa = PBXFileReference; fileEncoding = 4; lastKnownFileType = sourcecode.c.h; path = LTFramework.h; sourceTree = "<group>"; };
		529979FE20720D39008EC270 /* LTProtocol.h */ = {isa = PBXFileReference; fileEncoding = 4; lastKnownFileType = sourcecode.c.h; path = LTProtocol.h; sourceTree = "<group>"; };
		529979FF20720D39008EC270 /* GCBaseModel.h */ = {isa = PBXFileReference; fileEncoding = 4; lastKnownFileType = sourcecode.c.h; path = GCBaseModel.h; sourceTree = "<group>"; };
		52997A0020720D39008EC270 /* GCBaseModel.m */ = {isa = PBXFileReference; fileEncoding = 4; lastKnownFileType = sourcecode.c.objc; path = GCBaseModel.m; sourceTree = "<group>"; };
		52997A0120720D39008EC270 /* GCCommons.h */ = {isa = PBXFileReference; fileEncoding = 4; lastKnownFileType = sourcecode.c.h; path = GCCommons.h; sourceTree = "<group>"; };
		52997A0220720D39008EC270 /* GCCommons.m */ = {isa = PBXFileReference; fileEncoding = 4; lastKnownFileType = sourcecode.c.objc; path = GCCommons.m; sourceTree = "<group>"; };
		52997A0320720D39008EC270 /* JGProgressHUD+MVExtension.h */ = {isa = PBXFileReference; fileEncoding = 4; lastKnownFileType = sourcecode.c.h; path = "JGProgressHUD+MVExtension.h"; sourceTree = "<group>"; };
		52997A0420720D39008EC270 /* JGProgressHUD+MVExtension.m */ = {isa = PBXFileReference; fileEncoding = 4; lastKnownFileType = sourcecode.c.objc; path = "JGProgressHUD+MVExtension.m"; sourceTree = "<group>"; };
		52997A0520720D39008EC270 /* LPBaseModel.h */ = {isa = PBXFileReference; fileEncoding = 4; lastKnownFileType = sourcecode.c.h; path = LPBaseModel.h; sourceTree = "<group>"; };
		52997A0620720D39008EC270 /* LPBaseModel.m */ = {isa = PBXFileReference; fileEncoding = 4; lastKnownFileType = sourcecode.c.objc; path = LPBaseModel.m; sourceTree = "<group>"; };
		52997A0720720D39008EC270 /* LTProvinceKeyboard.h */ = {isa = PBXFileReference; fileEncoding = 4; lastKnownFileType = sourcecode.c.h; path = LTProvinceKeyboard.h; sourceTree = "<group>"; };
		52997A0820720D39008EC270 /* LTProvinceKeyboard.m */ = {isa = PBXFileReference; fileEncoding = 4; lastKnownFileType = sourcecode.c.objc; path = LTProvinceKeyboard.m; sourceTree = "<group>"; };
		52997A0920720D39008EC270 /* NSArray+GCExtension.h */ = {isa = PBXFileReference; fileEncoding = 4; lastKnownFileType = sourcecode.c.h; path = "NSArray+GCExtension.h"; sourceTree = "<group>"; };
		52997A0A20720D39008EC270 /* NSArray+GCExtension.m */ = {isa = PBXFileReference; fileEncoding = 4; lastKnownFileType = sourcecode.c.objc; path = "NSArray+GCExtension.m"; sourceTree = "<group>"; };
		52997A0B20720D39008EC270 /* UIColor+HexColor.h */ = {isa = PBXFileReference; fileEncoding = 4; lastKnownFileType = sourcecode.c.h; path = "UIColor+HexColor.h"; sourceTree = "<group>"; };
		52997A0C20720D39008EC270 /* UIColor+HexColor.m */ = {isa = PBXFileReference; fileEncoding = 4; lastKnownFileType = sourcecode.c.objc; path = "UIColor+HexColor.m"; sourceTree = "<group>"; };
		52997A0D20720D39008EC270 /* UIView+EasyUseGeometry.h */ = {isa = PBXFileReference; fileEncoding = 4; lastKnownFileType = sourcecode.c.h; path = "UIView+EasyUseGeometry.h"; sourceTree = "<group>"; };
		52997A0E20720D39008EC270 /* UIView+EasyUseGeometry.m */ = {isa = PBXFileReference; fileEncoding = 4; lastKnownFileType = sourcecode.c.objc; path = "UIView+EasyUseGeometry.m"; sourceTree = "<group>"; };
		52997A0F20720D39008EC270 /* UIView+GCExtension.h */ = {isa = PBXFileReference; fileEncoding = 4; lastKnownFileType = sourcecode.c.h; path = "UIView+GCExtension.h"; sourceTree = "<group>"; };
		52997A1020720D39008EC270 /* UIView+GCExtension.m */ = {isa = PBXFileReference; fileEncoding = 4; lastKnownFileType = sourcecode.c.objc; path = "UIView+GCExtension.m"; sourceTree = "<group>"; };
		52997A1420720D39008EC270 /* AFHTTPSessionManager.h */ = {isa = PBXFileReference; fileEncoding = 4; lastKnownFileType = sourcecode.c.h; path = AFHTTPSessionManager.h; sourceTree = "<group>"; };
		52997A1520720D39008EC270 /* AFHTTPSessionManager.m */ = {isa = PBXFileReference; fileEncoding = 4; lastKnownFileType = sourcecode.c.objc; path = AFHTTPSessionManager.m; sourceTree = "<group>"; };
		52997A1620720D39008EC270 /* AFNetworking.h */ = {isa = PBXFileReference; fileEncoding = 4; lastKnownFileType = sourcecode.c.h; path = AFNetworking.h; sourceTree = "<group>"; };
		52997A1720720D39008EC270 /* AFNetworkReachabilityManager.h */ = {isa = PBXFileReference; fileEncoding = 4; lastKnownFileType = sourcecode.c.h; path = AFNetworkReachabilityManager.h; sourceTree = "<group>"; };
		52997A1820720D39008EC270 /* AFNetworkReachabilityManager.m */ = {isa = PBXFileReference; fileEncoding = 4; lastKnownFileType = sourcecode.c.objc; path = AFNetworkReachabilityManager.m; sourceTree = "<group>"; };
		52997A1920720D39008EC270 /* AFSecurityPolicy.h */ = {isa = PBXFileReference; fileEncoding = 4; lastKnownFileType = sourcecode.c.h; path = AFSecurityPolicy.h; sourceTree = "<group>"; };
		52997A1A20720D39008EC270 /* AFSecurityPolicy.m */ = {isa = PBXFileReference; fileEncoding = 4; lastKnownFileType = sourcecode.c.objc; path = AFSecurityPolicy.m; sourceTree = "<group>"; };
		52997A1B20720D39008EC270 /* AFURLRequestSerialization.h */ = {isa = PBXFileReference; fileEncoding = 4; lastKnownFileType = sourcecode.c.h; path = AFURLRequestSerialization.h; sourceTree = "<group>"; };
		52997A1C20720D39008EC270 /* AFURLRequestSerialization.m */ = {isa = PBXFileReference; fileEncoding = 4; lastKnownFileType = sourcecode.c.objc; path = AFURLRequestSerialization.m; sourceTree = "<group>"; };
		52997A1D20720D39008EC270 /* AFURLResponseSerialization.h */ = {isa = PBXFileReference; fileEncoding = 4; lastKnownFileType = sourcecode.c.h; path = AFURLResponseSerialization.h; sourceTree = "<group>"; };
		52997A1E20720D39008EC270 /* AFURLResponseSerialization.m */ = {isa = PBXFileReference; fileEncoding = 4; lastKnownFileType = sourcecode.c.objc; path = AFURLResponseSerialization.m; sourceTree = "<group>"; };
		52997A1F20720D39008EC270 /* AFURLSessionManager.h */ = {isa = PBXFileReference; fileEncoding = 4; lastKnownFileType = sourcecode.c.h; path = AFURLSessionManager.h; sourceTree = "<group>"; };
		52997A2020720D39008EC270 /* AFURLSessionManager.m */ = {isa = PBXFileReference; fileEncoding = 4; lastKnownFileType = sourcecode.c.objc; path = AFURLSessionManager.m; sourceTree = "<group>"; };
		52997A2120720D39008EC270 /* LICENSE */ = {isa = PBXFileReference; fileEncoding = 4; lastKnownFileType = text; path = LICENSE; sourceTree = "<group>"; };
		52997A2220720D39008EC270 /* README.md */ = {isa = PBXFileReference; fileEncoding = 4; lastKnownFileType = net.daringfireball.markdown; path = README.md; sourceTree = "<group>"; };
		52997A2420720D39008EC270 /* AFAutoPurgingImageCache.h */ = {isa = PBXFileReference; fileEncoding = 4; lastKnownFileType = sourcecode.c.h; path = AFAutoPurgingImageCache.h; sourceTree = "<group>"; };
		52997A2520720D39008EC270 /* AFAutoPurgingImageCache.m */ = {isa = PBXFileReference; fileEncoding = 4; lastKnownFileType = sourcecode.c.objc; path = AFAutoPurgingImageCache.m; sourceTree = "<group>"; };
		52997A2620720D39008EC270 /* AFImageDownloader.h */ = {isa = PBXFileReference; fileEncoding = 4; lastKnownFileType = sourcecode.c.h; path = AFImageDownloader.h; sourceTree = "<group>"; };
		52997A2720720D39008EC270 /* AFImageDownloader.m */ = {isa = PBXFileReference; fileEncoding = 4; lastKnownFileType = sourcecode.c.objc; path = AFImageDownloader.m; sourceTree = "<group>"; };
		52997A2820720D39008EC270 /* AFNetworkActivityIndicatorManager.h */ = {isa = PBXFileReference; fileEncoding = 4; lastKnownFileType = sourcecode.c.h; path = AFNetworkActivityIndicatorManager.h; sourceTree = "<group>"; };
		52997A2920720D39008EC270 /* AFNetworkActivityIndicatorManager.m */ = {isa = PBXFileReference; fileEncoding = 4; lastKnownFileType = sourcecode.c.objc; path = AFNetworkActivityIndicatorManager.m; sourceTree = "<group>"; };
		52997A2A20720D39008EC270 /* UIActivityIndicatorView+AFNetworking.h */ = {isa = PBXFileReference; fileEncoding = 4; lastKnownFileType = sourcecode.c.h; path = "UIActivityIndicatorView+AFNetworking.h"; sourceTree = "<group>"; };
		52997A2B20720D39008EC270 /* UIActivityIndicatorView+AFNetworking.m */ = {isa = PBXFileReference; fileEncoding = 4; lastKnownFileType = sourcecode.c.objc; path = "UIActivityIndicatorView+AFNetworking.m"; sourceTree = "<group>"; };
		52997A2C20720D39008EC270 /* UIButton+AFNetworking.h */ = {isa = PBXFileReference; fileEncoding = 4; lastKnownFileType = sourcecode.c.h; path = "UIButton+AFNetworking.h"; sourceTree = "<group>"; };
		52997A2D20720D39008EC270 /* UIButton+AFNetworking.m */ = {isa = PBXFileReference; fileEncoding = 4; lastKnownFileType = sourcecode.c.objc; path = "UIButton+AFNetworking.m"; sourceTree = "<group>"; };
		52997A2E20720D39008EC270 /* UIImage+AFNetworking.h */ = {isa = PBXFileReference; fileEncoding = 4; lastKnownFileType = sourcecode.c.h; path = "UIImage+AFNetworking.h"; sourceTree = "<group>"; };
		52997A2F20720D39008EC270 /* UIImageView+AFNetworking.h */ = {isa = PBXFileReference; fileEncoding = 4; lastKnownFileType = sourcecode.c.h; path = "UIImageView+AFNetworking.h"; sourceTree = "<group>"; };
		52997A3020720D39008EC270 /* UIImageView+AFNetworking.m */ = {isa = PBXFileReference; fileEncoding = 4; lastKnownFileType = sourcecode.c.objc; path = "UIImageView+AFNetworking.m"; sourceTree = "<group>"; };
		52997A3120720D39008EC270 /* UIKit+AFNetworking.h */ = {isa = PBXFileReference; fileEncoding = 4; lastKnownFileType = sourcecode.c.h; path = "UIKit+AFNetworking.h"; sourceTree = "<group>"; };
		52997A3220720D39008EC270 /* UIProgressView+AFNetworking.h */ = {isa = PBXFileReference; fileEncoding = 4; lastKnownFileType = sourcecode.c.h; path = "UIProgressView+AFNetworking.h"; sourceTree = "<group>"; };
		52997A3320720D39008EC270 /* UIProgressView+AFNetworking.m */ = {isa = PBXFileReference; fileEncoding = 4; lastKnownFileType = sourcecode.c.objc; path = "UIProgressView+AFNetworking.m"; sourceTree = "<group>"; };
		52997A3420720D39008EC270 /* UIRefreshControl+AFNetworking.h */ = {isa = PBXFileReference; fileEncoding = 4; lastKnownFileType = sourcecode.c.h; path = "UIRefreshControl+AFNetworking.h"; sourceTree = "<group>"; };
		52997A3520720D39008EC270 /* UIRefreshControl+AFNetworking.m */ = {isa = PBXFileReference; fileEncoding = 4; lastKnownFileType = sourcecode.c.objc; path = "UIRefreshControl+AFNetworking.m"; sourceTree = "<group>"; };
		52997A3620720D39008EC270 /* UIWebView+AFNetworking.h */ = {isa = PBXFileReference; fileEncoding = 4; lastKnownFileType = sourcecode.c.h; path = "UIWebView+AFNetworking.h"; sourceTree = "<group>"; };
		52997A3720720D39008EC270 /* UIWebView+AFNetworking.m */ = {isa = PBXFileReference; fileEncoding = 4; lastKnownFileType = sourcecode.c.objc; path = "UIWebView+AFNetworking.m"; sourceTree = "<group>"; };
		52997A3920720D39008EC270 /* iCarousel.h */ = {isa = PBXFileReference; fileEncoding = 4; lastKnownFileType = sourcecode.c.h; path = iCarousel.h; sourceTree = "<group>"; };
		52997A3A20720D39008EC270 /* iCarousel.m */ = {isa = PBXFileReference; fileEncoding = 4; lastKnownFileType = sourcecode.c.objc; path = iCarousel.m; sourceTree = "<group>"; };
		52997A3D20720D39008EC270 /* JGProgressHUD Resources.bundle */ = {isa = PBXFileReference; lastKnownFileType = "wrapper.plug-in"; path = "JGProgressHUD Resources.bundle"; sourceTree = "<group>"; };
		52997A3E20720D39008EC270 /* JGProgressHUD-Defines.h */ = {isa = PBXFileReference; fileEncoding = 4; lastKnownFileType = sourcecode.c.h; path = "JGProgressHUD-Defines.h"; sourceTree = "<group>"; };
		52997A3F20720D39008EC270 /* JGProgressHUD.h */ = {isa = PBXFileReference; fileEncoding = 4; lastKnownFileType = sourcecode.c.h; path = JGProgressHUD.h; sourceTree = "<group>"; };
		52997A4020720D39008EC270 /* JGProgressHUD.m */ = {isa = PBXFileReference; fileEncoding = 4; lastKnownFileType = sourcecode.c.objc; path = JGProgressHUD.m; sourceTree = "<group>"; };
		52997A4120720D39008EC270 /* JGProgressHUDAnimation.h */ = {isa = PBXFileReference; fileEncoding = 4; lastKnownFileType = sourcecode.c.h; path = JGProgressHUDAnimation.h; sourceTree = "<group>"; };
		52997A4220720D39008EC270 /* JGProgressHUDAnimation.m */ = {isa = PBXFileReference; fileEncoding = 4; lastKnownFileType = sourcecode.c.objc; path = JGProgressHUDAnimation.m; sourceTree = "<group>"; };
		52997A4320720D39008EC270 /* JGProgressHUDErrorIndicatorView.h */ = {isa = PBXFileReference; fileEncoding = 4; lastKnownFileType = sourcecode.c.h; path = JGProgressHUDErrorIndicatorView.h; sourceTree = "<group>"; };
		52997A4420720D39008EC270 /* JGProgressHUDErrorIndicatorView.m */ = {isa = PBXFileReference; fileEncoding = 4; lastKnownFileType = sourcecode.c.objc; path = JGProgressHUDErrorIndicatorView.m; sourceTree = "<group>"; };
		52997A4520720D39008EC270 /* JGProgressHUDFadeAnimation.h */ = {isa = PBXFileReference; fileEncoding = 4; lastKnownFileType = sourcecode.c.h; path = JGProgressHUDFadeAnimation.h; sourceTree = "<group>"; };
		52997A4620720D39008EC270 /* JGProgressHUDFadeAnimation.m */ = {isa = PBXFileReference; fileEncoding = 4; lastKnownFileType = sourcecode.c.objc; path = JGProgressHUDFadeAnimation.m; sourceTree = "<group>"; };
		52997A4720720D39008EC270 /* JGProgressHUDFadeZoomAnimation.h */ = {isa = PBXFileReference; fileEncoding = 4; lastKnownFileType = sourcecode.c.h; path = JGProgressHUDFadeZoomAnimation.h; sourceTree = "<group>"; };
		52997A4820720D39008EC270 /* JGProgressHUDFadeZoomAnimation.m */ = {isa = PBXFileReference; fileEncoding = 4; lastKnownFileType = sourcecode.c.objc; path = JGProgressHUDFadeZoomAnimation.m; sourceTree = "<group>"; };
		52997A4920720D39008EC270 /* JGProgressHUDImageIndicatorView.h */ = {isa = PBXFileReference; fileEncoding = 4; lastKnownFileType = sourcecode.c.h; path = JGProgressHUDImageIndicatorView.h; sourceTree = "<group>"; };
		52997A4A20720D39008EC270 /* JGProgressHUDImageIndicatorView.m */ = {isa = PBXFileReference; fileEncoding = 4; lastKnownFileType = sourcecode.c.objc; path = JGProgressHUDImageIndicatorView.m; sourceTree = "<group>"; };
		52997A4B20720D39008EC270 /* JGProgressHUDIndeterminateIndicatorView.h */ = {isa = PBXFileReference; fileEncoding = 4; lastKnownFileType = sourcecode.c.h; path = JGProgressHUDIndeterminateIndicatorView.h; sourceTree = "<group>"; };
		52997A4C20720D39008EC270 /* JGProgressHUDIndeterminateIndicatorView.m */ = {isa = PBXFileReference; fileEncoding = 4; lastKnownFileType = sourcecode.c.objc; path = JGProgressHUDIndeterminateIndicatorView.m; sourceTree = "<group>"; };
		52997A4D20720D39008EC270 /* JGProgressHUDIndicatorView.h */ = {isa = PBXFileReference; fileEncoding = 4; lastKnownFileType = sourcecode.c.h; path = JGProgressHUDIndicatorView.h; sourceTree = "<group>"; };
		52997A4E20720D39008EC270 /* JGProgressHUDIndicatorView.m */ = {isa = PBXFileReference; fileEncoding = 4; lastKnownFileType = sourcecode.c.objc; path = JGProgressHUDIndicatorView.m; sourceTree = "<group>"; };
		52997A4F20720D39008EC270 /* JGProgressHUDPieIndicatorView.h */ = {isa = PBXFileReference; fileEncoding = 4; lastKnownFileType = sourcecode.c.h; path = JGProgressHUDPieIndicatorView.h; sourceTree = "<group>"; };
		52997A5020720D39008EC270 /* JGProgressHUDPieIndicatorView.m */ = {isa = PBXFileReference; fileEncoding = 4; lastKnownFileType = sourcecode.c.objc; path = JGProgressHUDPieIndicatorView.m; sourceTree = "<group>"; };
		52997A5120720D39008EC270 /* JGProgressHUDRingIndicatorView.h */ = {isa = PBXFileReference; fileEncoding = 4; lastKnownFileType = sourcecode.c.h; path = JGProgressHUDRingIndicatorView.h; sourceTree = "<group>"; };
		52997A5220720D39008EC270 /* JGProgressHUDRingIndicatorView.m */ = {isa = PBXFileReference; fileEncoding = 4; lastKnownFileType = sourcecode.c.objc; path = JGProgressHUDRingIndicatorView.m; sourceTree = "<group>"; };
		52997A5320720D39008EC270 /* JGProgressHUDSuccessIndicatorView.h */ = {isa = PBXFileReference; fileEncoding = 4; lastKnownFileType = sourcecode.c.h; path = JGProgressHUDSuccessIndicatorView.h; sourceTree = "<group>"; };
		52997A5420720D39008EC270 /* JGProgressHUDSuccessIndicatorView.m */ = {isa = PBXFileReference; fileEncoding = 4; lastKnownFileType = sourcecode.c.objc; path = JGProgressHUDSuccessIndicatorView.m; sourceTree = "<group>"; };
		52997A5620720D39008EC270 /* LICENSE.md */ = {isa = PBXFileReference; fileEncoding = 4; lastKnownFileType = net.daringfireball.markdown; path = LICENSE.md; sourceTree = "<group>"; };
		52997A5920720D39008EC270 /* EXTKeyPathCoding.h */ = {isa = PBXFileReference; fileEncoding = 4; lastKnownFileType = sourcecode.c.h; path = EXTKeyPathCoding.h; sourceTree = "<group>"; };
		52997A5A20720D39008EC270 /* EXTRuntimeExtensions.h */ = {isa = PBXFileReference; fileEncoding = 4; lastKnownFileType = sourcecode.c.h; path = EXTRuntimeExtensions.h; sourceTree = "<group>"; };
		52997A5B20720D39008EC270 /* EXTRuntimeExtensions.m */ = {isa = PBXFileReference; fileEncoding = 4; lastKnownFileType = sourcecode.c.objc; path = EXTRuntimeExtensions.m; sourceTree = "<group>"; };
		52997A5C20720D39008EC270 /* EXTScope.h */ = {isa = PBXFileReference; fileEncoding = 4; lastKnownFileType = sourcecode.c.h; path = EXTScope.h; sourceTree = "<group>"; };
		52997A5D20720D39008EC270 /* EXTScope.m */ = {isa = PBXFileReference; fileEncoding = 4; lastKnownFileType = sourcecode.c.objc; path = EXTScope.m; sourceTree = "<group>"; };
		52997A5E20720D39008EC270 /* metamacros.h */ = {isa = PBXFileReference; fileEncoding = 4; lastKnownFileType = sourcecode.c.h; path = metamacros.h; sourceTree = "<group>"; };
		52997A5F20720D39008EC270 /* Mantle.h */ = {isa = PBXFileReference; fileEncoding = 4; lastKnownFileType = sourcecode.c.h; path = Mantle.h; sourceTree = "<group>"; };
		52997A6020720D39008EC270 /* MTLJSONAdapter.h */ = {isa = PBXFileReference; fileEncoding = 4; lastKnownFileType = sourcecode.c.h; path = MTLJSONAdapter.h; sourceTree = "<group>"; };
		52997A6120720D39008EC270 /* MTLJSONAdapter.m */ = {isa = PBXFileReference; fileEncoding = 4; lastKnownFileType = sourcecode.c.objc; path = MTLJSONAdapter.m; sourceTree = "<group>"; };
		52997A6220720D39008EC270 /* MTLModel+NSCoding.h */ = {isa = PBXFileReference; fileEncoding = 4; lastKnownFileType = sourcecode.c.h; path = "MTLModel+NSCoding.h"; sourceTree = "<group>"; };
		52997A6320720D39008EC270 /* MTLModel+NSCoding.m */ = {isa = PBXFileReference; fileEncoding = 4; lastKnownFileType = sourcecode.c.objc; path = "MTLModel+NSCoding.m"; sourceTree = "<group>"; };
		52997A6420720D39008EC270 /* MTLModel.h */ = {isa = PBXFileReference; fileEncoding = 4; lastKnownFileType = sourcecode.c.h; path = MTLModel.h; sourceTree = "<group>"; };
		52997A6520720D39008EC270 /* MTLModel.m */ = {isa = PBXFileReference; fileEncoding = 4; lastKnownFileType = sourcecode.c.objc; path = MTLModel.m; sourceTree = "<group>"; };
		52997A6620720D39008EC270 /* MTLReflection.h */ = {isa = PBXFileReference; fileEncoding = 4; lastKnownFileType = sourcecode.c.h; path = MTLReflection.h; sourceTree = "<group>"; };
		52997A6720720D39008EC270 /* MTLReflection.m */ = {isa = PBXFileReference; fileEncoding = 4; lastKnownFileType = sourcecode.c.objc; path = MTLReflection.m; sourceTree = "<group>"; };
		52997A6820720D39008EC270 /* MTLTransformerErrorHandling.h */ = {isa = PBXFileReference; fileEncoding = 4; lastKnownFileType = sourcecode.c.h; path = MTLTransformerErrorHandling.h; sourceTree = "<group>"; };
		52997A6920720D39008EC270 /* MTLTransformerErrorHandling.m */ = {isa = PBXFileReference; fileEncoding = 4; lastKnownFileType = sourcecode.c.objc; path = MTLTransformerErrorHandling.m; sourceTree = "<group>"; };
		52997A6A20720D39008EC270 /* MTLValueTransformer.h */ = {isa = PBXFileReference; fileEncoding = 4; lastKnownFileType = sourcecode.c.h; path = MTLValueTransformer.h; sourceTree = "<group>"; };
		52997A6B20720D39008EC270 /* MTLValueTransformer.m */ = {isa = PBXFileReference; fileEncoding = 4; lastKnownFileType = sourcecode.c.objc; path = MTLValueTransformer.m; sourceTree = "<group>"; };
		52997A6C20720D39008EC270 /* NSArray+MTLManipulationAdditions.h */ = {isa = PBXFileReference; fileEncoding = 4; lastKnownFileType = sourcecode.c.h; path = "NSArray+MTLManipulationAdditions.h"; sourceTree = "<group>"; };
		52997A6D20720D39008EC270 /* NSArray+MTLManipulationAdditions.m */ = {isa = PBXFileReference; fileEncoding = 4; lastKnownFileType = sourcecode.c.objc; path = "NSArray+MTLManipulationAdditions.m"; sourceTree = "<group>"; };
		52997A6E20720D39008EC270 /* NSDictionary+MTLJSONKeyPath.h */ = {isa = PBXFileReference; fileEncoding = 4; lastKnownFileType = sourcecode.c.h; path = "NSDictionary+MTLJSONKeyPath.h"; sourceTree = "<group>"; };
		52997A6F20720D39008EC270 /* NSDictionary+MTLJSONKeyPath.m */ = {isa = PBXFileReference; fileEncoding = 4; lastKnownFileType = sourcecode.c.objc; path = "NSDictionary+MTLJSONKeyPath.m"; sourceTree = "<group>"; };
		52997A7020720D39008EC270 /* NSDictionary+MTLManipulationAdditions.h */ = {isa = PBXFileReference; fileEncoding = 4; lastKnownFileType = sourcecode.c.h; path = "NSDictionary+MTLManipulationAdditions.h"; sourceTree = "<group>"; };
		52997A7120720D39008EC270 /* NSDictionary+MTLManipulationAdditions.m */ = {isa = PBXFileReference; fileEncoding = 4; lastKnownFileType = sourcecode.c.objc; path = "NSDictionary+MTLManipulationAdditions.m"; sourceTree = "<group>"; };
		52997A7220720D39008EC270 /* NSDictionary+MTLMappingAdditions.h */ = {isa = PBXFileReference; fileEncoding = 4; lastKnownFileType = sourcecode.c.h; path = "NSDictionary+MTLMappingAdditions.h"; sourceTree = "<group>"; };
		52997A7320720D39008EC270 /* NSDictionary+MTLMappingAdditions.m */ = {isa = PBXFileReference; fileEncoding = 4; lastKnownFileType = sourcecode.c.objc; path = "NSDictionary+MTLMappingAdditions.m"; sourceTree = "<group>"; };
		52997A7420720D39008EC270 /* NSError+MTLModelException.h */ = {isa = PBXFileReference; fileEncoding = 4; lastKnownFileType = sourcecode.c.h; path = "NSError+MTLModelException.h"; sourceTree = "<group>"; };
		52997A7520720D39008EC270 /* NSError+MTLModelException.m */ = {isa = PBXFileReference; fileEncoding = 4; lastKnownFileType = sourcecode.c.objc; path = "NSError+MTLModelException.m"; sourceTree = "<group>"; };
		52997A7620720D39008EC270 /* NSObject+MTLComparisonAdditions.h */ = {isa = PBXFileReference; fileEncoding = 4; lastKnownFileType = sourcecode.c.h; path = "NSObject+MTLComparisonAdditions.h"; sourceTree = "<group>"; };
		52997A7720720D39008EC270 /* NSObject+MTLComparisonAdditions.m */ = {isa = PBXFileReference; fileEncoding = 4; lastKnownFileType = sourcecode.c.objc; path = "NSObject+MTLComparisonAdditions.m"; sourceTree = "<group>"; };
		52997A7820720D39008EC270 /* NSValueTransformer+MTLInversionAdditions.h */ = {isa = PBXFileReference; fileEncoding = 4; lastKnownFileType = sourcecode.c.h; path = "NSValueTransformer+MTLInversionAdditions.h"; sourceTree = "<group>"; };
		52997A7920720D39008EC270 /* NSValueTransformer+MTLInversionAdditions.m */ = {isa = PBXFileReference; fileEncoding = 4; lastKnownFileType = sourcecode.c.objc; path = "NSValueTransformer+MTLInversionAdditions.m"; sourceTree = "<group>"; };
		52997A7A20720D39008EC270 /* NSValueTransformer+MTLPredefinedTransformerAdditions.h */ = {isa = PBXFileReference; fileEncoding = 4; lastKnownFileType = sourcecode.c.h; path = "NSValueTransformer+MTLPredefinedTransformerAdditions.h"; sourceTree = "<group>"; };
		52997A7B20720D39008EC270 /* NSValueTransformer+MTLPredefinedTransformerAdditions.m */ = {isa = PBXFileReference; fileEncoding = 4; lastKnownFileType = sourcecode.c.objc; path = "NSValueTransformer+MTLPredefinedTransformerAdditions.m"; sourceTree = "<group>"; };
		52997A7C20720D39008EC270 /* README.md */ = {isa = PBXFileReference; fileEncoding = 4; lastKnownFileType = net.daringfireball.markdown; path = README.md; sourceTree = "<group>"; };
		52997A7E20720D39008EC270 /* MVTheme.h */ = {isa = PBXFileReference; fileEncoding = 4; lastKnownFileType = sourcecode.c.h; path = MVTheme.h; sourceTree = "<group>"; };
		52997A7F20720D39008EC270 /* MVTheme.m */ = {isa = PBXFileReference; fileEncoding = 4; lastKnownFileType = sourcecode.c.objc; path = MVTheme.m; sourceTree = "<group>"; };
		52997A8020720D39008EC270 /* MVThemeDefines.h */ = {isa = PBXFileReference; fileEncoding = 4; lastKnownFileType = sourcecode.c.h; path = MVThemeDefines.h; sourceTree = "<group>"; };
		52997A8120720D39008EC270 /* MVThemeManager.h */ = {isa = PBXFileReference; fileEncoding = 4; lastKnownFileType = sourcecode.c.h; path = MVThemeManager.h; sourceTree = "<group>"; };
		52997A8220720D39008EC270 /* MVThemeManager.m */ = {isa = PBXFileReference; fileEncoding = 4; lastKnownFileType = sourcecode.c.objc; path = MVThemeManager.m; sourceTree = "<group>"; };
		52997AC620732DD6008EC270 /* NSBundle+ZLPhotoBrowser.h */ = {isa = PBXFileReference; lastKnownFileType = sourcecode.c.h; path = "NSBundle+ZLPhotoBrowser.h"; sourceTree = "<group>"; };
		52997AC720732DD6008EC270 /* NSBundle+ZLPhotoBrowser.m */ = {isa = PBXFileReference; lastKnownFileType = sourcecode.c.objc; path = "NSBundle+ZLPhotoBrowser.m"; sourceTree = "<group>"; };
		52997AC920732DD6008EC270 /* ZLPhotoActionSheet.xib */ = {isa = PBXFileReference; lastKnownFileType = file.xib; path = ZLPhotoActionSheet.xib; sourceTree = "<group>"; };
		52997ACA20732DD6008EC270 /* ZLPhotoBrowser.bundle */ = {isa = PBXFileReference; lastKnownFileType = "wrapper.plug-in"; path = ZLPhotoBrowser.bundle; sourceTree = "<group>"; };
		52997ACB20732DD6008EC270 /* ZLPhotoBrowserCell.xib */ = {isa = PBXFileReference; lastKnownFileType = file.xib; path = ZLPhotoBrowserCell.xib; sourceTree = "<group>"; };
		52997ACC20732DD6008EC270 /* ToastUtils.h */ = {isa = PBXFileReference; lastKnownFileType = sourcecode.c.h; path = ToastUtils.h; sourceTree = "<group>"; };
		52997ACD20732DD6008EC270 /* ToastUtils.m */ = {isa = PBXFileReference; lastKnownFileType = sourcecode.c.objc; path = ToastUtils.m; sourceTree = "<group>"; };
		52997ACE20732DD6008EC270 /* UIButton+EnlargeTouchArea.h */ = {isa = PBXFileReference; lastKnownFileType = sourcecode.c.h; path = "UIButton+EnlargeTouchArea.h"; sourceTree = "<group>"; };
		52997ACF20732DD6008EC270 /* UIButton+EnlargeTouchArea.m */ = {isa = PBXFileReference; lastKnownFileType = sourcecode.c.objc; path = "UIButton+EnlargeTouchArea.m"; sourceTree = "<group>"; };
		52997AD020732DD6008EC270 /* UIImage+ZLPhotoBrowser.h */ = {isa = PBXFileReference; lastKnownFileType = sourcecode.c.h; path = "UIImage+ZLPhotoBrowser.h"; sourceTree = "<group>"; };
		52997AD120732DD6008EC270 /* UIImage+ZLPhotoBrowser.m */ = {isa = PBXFileReference; lastKnownFileType = sourcecode.c.objc; path = "UIImage+ZLPhotoBrowser.m"; sourceTree = "<group>"; };
		52997AD220732DD6008EC270 /* ZLBigImageCell.h */ = {isa = PBXFileReference; lastKnownFileType = sourcecode.c.h; path = ZLBigImageCell.h; sourceTree = "<group>"; };
		52997AD320732DD6008EC270 /* ZLBigImageCell.m */ = {isa = PBXFileReference; lastKnownFileType = sourcecode.c.objc; path = ZLBigImageCell.m; sourceTree = "<group>"; };
		52997AD420732DD6008EC270 /* ZLCollectionCell.h */ = {isa = PBXFileReference; lastKnownFileType = sourcecode.c.h; path = ZLCollectionCell.h; sourceTree = "<group>"; };
		52997AD520732DD6008EC270 /* ZLCollectionCell.m */ = {isa = PBXFileReference; lastKnownFileType = sourcecode.c.objc; path = ZLCollectionCell.m; sourceTree = "<group>"; };
		52997AD620732DD6008EC270 /* ZLCustomCamera.h */ = {isa = PBXFileReference; lastKnownFileType = sourcecode.c.h; path = ZLCustomCamera.h; sourceTree = "<group>"; };
		52997AD720732DD6008EC270 /* ZLCustomCamera.m */ = {isa = PBXFileReference; lastKnownFileType = sourcecode.c.objc; path = ZLCustomCamera.m; sourceTree = "<group>"; };
		52997AD820732DD6008EC270 /* ZLDefine.h */ = {isa = PBXFileReference; lastKnownFileType = sourcecode.c.h; path = ZLDefine.h; sourceTree = "<group>"; };
		52997AD920732DD6008EC270 /* ZLEditVideoController.h */ = {isa = PBXFileReference; lastKnownFileType = sourcecode.c.h; path = ZLEditVideoController.h; sourceTree = "<group>"; };
		52997ADA20732DD6008EC270 /* ZLEditVideoController.m */ = {isa = PBXFileReference; lastKnownFileType = sourcecode.c.objc; path = ZLEditVideoController.m; sourceTree = "<group>"; };
		52997ADB20732DD6008EC270 /* ZLEditViewController.h */ = {isa = PBXFileReference; lastKnownFileType = sourcecode.c.h; path = ZLEditViewController.h; sourceTree = "<group>"; };
		52997ADC20732DD6008EC270 /* ZLEditViewController.m */ = {isa = PBXFileReference; lastKnownFileType = sourcecode.c.objc; path = ZLEditViewController.m; sourceTree = "<group>"; };
		52997ADD20732DD6008EC270 /* ZLForceTouchPreviewController.h */ = {isa = PBXFileReference; lastKnownFileType = sourcecode.c.h; path = ZLForceTouchPreviewController.h; sourceTree = "<group>"; };
		52997ADE20732DD6008EC270 /* ZLForceTouchPreviewController.m */ = {isa = PBXFileReference; lastKnownFileType = sourcecode.c.objc; path = ZLForceTouchPreviewController.m; sourceTree = "<group>"; };
		52997ADF20732DD6008EC270 /* ZLNoAuthorityViewController.h */ = {isa = PBXFileReference; lastKnownFileType = sourcecode.c.h; path = ZLNoAuthorityViewController.h; sourceTree = "<group>"; };
		52997AE020732DD6008EC270 /* ZLNoAuthorityViewController.m */ = {isa = PBXFileReference; lastKnownFileType = sourcecode.c.objc; path = ZLNoAuthorityViewController.m; sourceTree = "<group>"; };
		52997AE120732DD6008EC270 /* ZLPhotoActionSheet.h */ = {isa = PBXFileReference; lastKnownFileType = sourcecode.c.h; path = ZLPhotoActionSheet.h; sourceTree = "<group>"; };
		52997AE220732DD6008EC270 /* ZLPhotoActionSheet.m */ = {isa = PBXFileReference; lastKnownFileType = sourcecode.c.objc; path = ZLPhotoActionSheet.m; sourceTree = "<group>"; };
		52997AE320732DD6008EC270 /* ZLPhotoBrowser.h */ = {isa = PBXFileReference; lastKnownFileType = sourcecode.c.h; path = ZLPhotoBrowser.h; sourceTree = "<group>"; };
		52997AE420732DD6008EC270 /* ZLPhotoBrowser.m */ = {isa = PBXFileReference; lastKnownFileType = sourcecode.c.objc; path = ZLPhotoBrowser.m; sourceTree = "<group>"; };
		52997AE520732DD6008EC270 /* ZLPhotoBrowserCell.h */ = {isa = PBXFileReference; lastKnownFileType = sourcecode.c.h; path = ZLPhotoBrowserCell.h; sourceTree = "<group>"; };
		52997AE620732DD6008EC270 /* ZLPhotoBrowserCell.m */ = {isa = PBXFileReference; lastKnownFileType = sourcecode.c.objc; path = ZLPhotoBrowserCell.m; sourceTree = "<group>"; };
		52997AE720732DD6008EC270 /* ZLPhotoConfiguration.h */ = {isa = PBXFileReference; lastKnownFileType = sourcecode.c.h; path = ZLPhotoConfiguration.h; sourceTree = "<group>"; };
		52997AE820732DD6008EC270 /* ZLPhotoConfiguration.m */ = {isa = PBXFileReference; lastKnownFileType = sourcecode.c.objc; path = ZLPhotoConfiguration.m; sourceTree = "<group>"; };
		52997AE920732DD6008EC270 /* ZLPhotoManager.h */ = {isa = PBXFileReference; lastKnownFileType = sourcecode.c.h; path = ZLPhotoManager.h; sourceTree = "<group>"; };
		52997AEA20732DD6008EC270 /* ZLPhotoManager.m */ = {isa = PBXFileReference; lastKnownFileType = sourcecode.c.objc; path = ZLPhotoManager.m; sourceTree = "<group>"; };
		52997AEB20732DD6008EC270 /* ZLPhotoModel.h */ = {isa = PBXFileReference; lastKnownFileType = sourcecode.c.h; path = ZLPhotoModel.h; sourceTree = "<group>"; };
		52997AEC20732DD6008EC270 /* ZLPhotoModel.m */ = {isa = PBXFileReference; lastKnownFileType = sourcecode.c.objc; path = ZLPhotoModel.m; sourceTree = "<group>"; };
		52997AED20732DD6008EC270 /* ZLPlayer.h */ = {isa = PBXFileReference; lastKnownFileType = sourcecode.c.h; path = ZLPlayer.h; sourceTree = "<group>"; };
		52997AEE20732DD6008EC270 /* ZLPlayer.m */ = {isa = PBXFileReference; lastKnownFileType = sourcecode.c.objc; path = ZLPlayer.m; sourceTree = "<group>"; };
		52997AEF20732DD6008EC270 /* ZLProgressHUD.h */ = {isa = PBXFileReference; lastKnownFileType = sourcecode.c.h; path = ZLProgressHUD.h; sourceTree = "<group>"; };
		52997AF020732DD6008EC270 /* ZLProgressHUD.m */ = {isa = PBXFileReference; lastKnownFileType = sourcecode.c.objc; path = ZLProgressHUD.m; sourceTree = "<group>"; };
		52997AF120732DD6008EC270 /* ZLShowBigImgViewController.h */ = {isa = PBXFileReference; lastKnownFileType = sourcecode.c.h; path = ZLShowBigImgViewController.h; sourceTree = "<group>"; };
		52997AF220732DD6008EC270 /* ZLShowBigImgViewController.m */ = {isa = PBXFileReference; lastKnownFileType = sourcecode.c.objc; path = ZLShowBigImgViewController.m; sourceTree = "<group>"; };
		52997AF320732DD6008EC270 /* ZLThumbnailViewController.h */ = {isa = PBXFileReference; lastKnownFileType = sourcecode.c.h; path = ZLThumbnailViewController.h; sourceTree = "<group>"; };
		52997AF420732DD6008EC270 /* ZLThumbnailViewController.m */ = {isa = PBXFileReference; lastKnownFileType = sourcecode.c.objc; path = ZLThumbnailViewController.m; sourceTree = "<group>"; };
/* End PBXFileReference section */

/* Begin PBXFrameworksBuildPhase section */
		5208A75F206F303700F6B9EA /* Frameworks */ = {
			isa = PBXFrameworksBuildPhase;
			buildActionMask = 2147483647;
			files = (
			);
			runOnlyForDeploymentPostprocessing = 0;
		};
/* End PBXFrameworksBuildPhase section */

/* Begin PBXGroup section */
		5208A759206F303700F6B9EA = {
			isa = PBXGroup;
			children = (
				5208A764206F303700F6B9EA /* zhengkehome */,
				5208A763206F303700F6B9EA /* Products */,
			);
			sourceTree = "<group>";
		};
		5208A763206F303700F6B9EA /* Products */ = {
			isa = PBXGroup;
			children = (
				5208A762206F303700F6B9EA /* zhengkehome.app */,
			);
			name = Products;
			sourceTree = "<group>";
		};
		5208A764206F303700F6B9EA /* zhengkehome */ = {
			isa = PBXGroup;
			children = (
				529979EF20720D39008EC270 /* common */,
				52997A1120720D39008EC270 /* third */,
				529979EC20720D39008EC270 /* tool */,
				522F99FD206F730E001BCA9E /* LPMain.storyboard */,
				522F992C206F61BD001BCA9E /* main */,
				5208A765206F303700F6B9EA /* AppDelegate.h */,
				5208A766206F303700F6B9EA /* AppDelegate.m */,
				5208A76E206F303700F6B9EA /* Assets.xcassets */,
				5208A770206F303700F6B9EA /* LaunchScreen.storyboard */,
				5208A773206F303700F6B9EA /* Info.plist */,
				5208A774206F303700F6B9EA /* main.m */,
			);
			path = zhengkehome;
			sourceTree = "<group>";
		};
		522F992C206F61BD001BCA9E /* main */ = {
			isa = PBXGroup;
			children = (
				522F99F7206F65C7001BCA9E /* preview */,
				522F99F4206F65C7001BCA9E /* release */,
			);
			path = main;
			sourceTree = "<group>";
		};
		522F99F4206F65C7001BCA9E /* release */ = {
			isa = PBXGroup;
			children = (
				5299790F207203FF008EC270 /* view */,
				522F99F5206F65C7001BCA9E /* model */,
			);
			path = release;
			sourceTree = "<group>";
		};
		522F99F5206F65C7001BCA9E /* model */ = {
			isa = PBXGroup;
			children = (
				522F99FA206F665E001BCA9E /* LPRelease.h */,
				522F99FB206F665E001BCA9E /* LPRelease.m */,
			);
			path = model;
			sourceTree = "<group>";
		};
		522F99F7206F65C7001BCA9E /* preview */ = {
			isa = PBXGroup;
			children = (
				5299791020720406008EC270 /* view */,
				522F99F8206F65C7001BCA9E /* model */,
			);
			path = preview;
			sourceTree = "<group>";
		};
		522F99F8206F65C7001BCA9E /* model */ = {
			isa = PBXGroup;
			children = (
				522F99FF206F7829001BCA9E /* LPPreview.h */,
				522F9A00206F7829001BCA9E /* LPPreview.m */,
			);
			path = model;
			sourceTree = "<group>";
		};
		5299790F207203FF008EC270 /* view */ = {
			isa = PBXGroup;
			children = (
			);
			path = view;
			sourceTree = "<group>";
		};
		5299791020720406008EC270 /* view */ = {
			isa = PBXGroup;
			children = (
			);
			path = view;
			sourceTree = "<group>";
		};
		529979EC20720D39008EC270 /* tool */ = {
			isa = PBXGroup;
			children = (
				529979ED20720D39008EC270 /* LPNetWork.h */,
				529979EE20720D39008EC270 /* LPNetWork.m */,
			);
			path = tool;
			sourceTree = "<group>";
		};
		529979EF20720D39008EC270 /* common */ = {
			isa = PBXGroup;
			children = (
				529979F020720D39008EC270 /* Framwork */,
				529979FF20720D39008EC270 /* GCBaseModel.h */,
				52997A0020720D39008EC270 /* GCBaseModel.m */,
				52997A0120720D39008EC270 /* GCCommons.h */,
				52997A0220720D39008EC270 /* GCCommons.m */,
				52997A0320720D39008EC270 /* JGProgressHUD+MVExtension.h */,
				52997A0420720D39008EC270 /* JGProgressHUD+MVExtension.m */,
				52997A0520720D39008EC270 /* LPBaseModel.h */,
				52997A0620720D39008EC270 /* LPBaseModel.m */,
				52997A0720720D39008EC270 /* LTProvinceKeyboard.h */,
				52997A0820720D39008EC270 /* LTProvinceKeyboard.m */,
				52997A0920720D39008EC270 /* NSArray+GCExtension.h */,
				52997A0A20720D39008EC270 /* NSArray+GCExtension.m */,
				52997A0B20720D39008EC270 /* UIColor+HexColor.h */,
				52997A0C20720D39008EC270 /* UIColor+HexColor.m */,
				52997A0D20720D39008EC270 /* UIView+EasyUseGeometry.h */,
				52997A0E20720D39008EC270 /* UIView+EasyUseGeometry.m */,
				52997A0F20720D39008EC270 /* UIView+GCExtension.h */,
				52997A1020720D39008EC270 /* UIView+GCExtension.m */,
			);
			path = common;
			sourceTree = "<group>";
		};
		529979F020720D39008EC270 /* Framwork */ = {
			isa = PBXGroup;
			children = (
				529979F120720D39008EC270 /* LTBaseEditorTableCell.h */,
				529979F220720D39008EC270 /* LTBaseEditorTableCell.m */,
				529979F320720D39008EC270 /* LTBaseNavigationController.h */,
				529979F420720D39008EC270 /* LTBaseNavigationController.m */,
				529979F520720D39008EC270 /* LTBaseTableCell.h */,
				529979F620720D39008EC270 /* LTBaseTableCell.m */,
				529979F720720D39008EC270 /* LTBaseTableCellEntity.h */,
				529979F820720D39008EC270 /* LTBaseTableCellEntity.m */,
				529979F920720D39008EC270 /* LTBaseTableViewController.h */,
				529979FA20720D39008EC270 /* LTBaseTableViewController.m */,
				529979FB20720D39008EC270 /* LTBaseViewController.h */,
				529979FC20720D39008EC270 /* LTBaseViewController.m */,
				529979FD20720D39008EC270 /* LTFramework.h */,
				529979FE20720D39008EC270 /* LTProtocol.h */,
			);
			path = Framwork;
			sourceTree = "<group>";
		};
		52997A1120720D39008EC270 /* third */ = {
			isa = PBXGroup;
			children = (
				52997AC520732DD6008EC270 /* PhotoBrowser */,
				52997A1220720D39008EC270 /* AFNetworking */,
				52997A3820720D39008EC270 /* iCarousel */,
				52997A3B20720D39008EC270 /* JGProgressHUD */,
				52997A5520720D39008EC270 /* Mantle */,
				52997A7D20720D39008EC270 /* MVTheme */,
			);
			path = third;
			sourceTree = "<group>";
		};
		52997A1220720D39008EC270 /* AFNetworking */ = {
			isa = PBXGroup;
			children = (
				52997A1320720D39008EC270 /* AFNetworking */,
				52997A2120720D39008EC270 /* LICENSE */,
				52997A2220720D39008EC270 /* README.md */,
				52997A2320720D39008EC270 /* UIKit+AFNetworking */,
			);
			path = AFNetworking;
			sourceTree = "<group>";
		};
		52997A1320720D39008EC270 /* AFNetworking */ = {
			isa = PBXGroup;
			children = (
				52997A1420720D39008EC270 /* AFHTTPSessionManager.h */,
				52997A1520720D39008EC270 /* AFHTTPSessionManager.m */,
				52997A1620720D39008EC270 /* AFNetworking.h */,
				52997A1720720D39008EC270 /* AFNetworkReachabilityManager.h */,
				52997A1820720D39008EC270 /* AFNetworkReachabilityManager.m */,
				52997A1920720D39008EC270 /* AFSecurityPolicy.h */,
				52997A1A20720D39008EC270 /* AFSecurityPolicy.m */,
				52997A1B20720D39008EC270 /* AFURLRequestSerialization.h */,
				52997A1C20720D39008EC270 /* AFURLRequestSerialization.m */,
				52997A1D20720D39008EC270 /* AFURLResponseSerialization.h */,
				52997A1E20720D39008EC270 /* AFURLResponseSerialization.m */,
				52997A1F20720D39008EC270 /* AFURLSessionManager.h */,
				52997A2020720D39008EC270 /* AFURLSessionManager.m */,
			);
			path = AFNetworking;
			sourceTree = "<group>";
		};
		52997A2320720D39008EC270 /* UIKit+AFNetworking */ = {
			isa = PBXGroup;
			children = (
				52997A2420720D39008EC270 /* AFAutoPurgingImageCache.h */,
				52997A2520720D39008EC270 /* AFAutoPurgingImageCache.m */,
				52997A2620720D39008EC270 /* AFImageDownloader.h */,
				52997A2720720D39008EC270 /* AFImageDownloader.m */,
				52997A2820720D39008EC270 /* AFNetworkActivityIndicatorManager.h */,
				52997A2920720D39008EC270 /* AFNetworkActivityIndicatorManager.m */,
				52997A2A20720D39008EC270 /* UIActivityIndicatorView+AFNetworking.h */,
				52997A2B20720D39008EC270 /* UIActivityIndicatorView+AFNetworking.m */,
				52997A2C20720D39008EC270 /* UIButton+AFNetworking.h */,
				52997A2D20720D39008EC270 /* UIButton+AFNetworking.m */,
				52997A2E20720D39008EC270 /* UIImage+AFNetworking.h */,
				52997A2F20720D39008EC270 /* UIImageView+AFNetworking.h */,
				52997A3020720D39008EC270 /* UIImageView+AFNetworking.m */,
				52997A3120720D39008EC270 /* UIKit+AFNetworking.h */,
				52997A3220720D39008EC270 /* UIProgressView+AFNetworking.h */,
				52997A3320720D39008EC270 /* UIProgressView+AFNetworking.m */,
				52997A3420720D39008EC270 /* UIRefreshControl+AFNetworking.h */,
				52997A3520720D39008EC270 /* UIRefreshControl+AFNetworking.m */,
				52997A3620720D39008EC270 /* UIWebView+AFNetworking.h */,
				52997A3720720D39008EC270 /* UIWebView+AFNetworking.m */,
			);
			path = "UIKit+AFNetworking";
			sourceTree = "<group>";
		};
		52997A3820720D39008EC270 /* iCarousel */ = {
			isa = PBXGroup;
			children = (
				52997A3920720D39008EC270 /* iCarousel.h */,
				52997A3A20720D39008EC270 /* iCarousel.m */,
			);
			path = iCarousel;
			sourceTree = "<group>";
		};
		52997A3B20720D39008EC270 /* JGProgressHUD */ = {
			isa = PBXGroup;
			children = (
				52997A3C20720D39008EC270 /* JGProgressHUD */,
			);
			path = JGProgressHUD;
			sourceTree = "<group>";
		};
		52997A3C20720D39008EC270 /* JGProgressHUD */ = {
			isa = PBXGroup;
			children = (
				52997A3D20720D39008EC270 /* JGProgressHUD Resources.bundle */,
				52997A3E20720D39008EC270 /* JGProgressHUD-Defines.h */,
				52997A3F20720D39008EC270 /* JGProgressHUD.h */,
				52997A4020720D39008EC270 /* JGProgressHUD.m */,
				52997A4120720D39008EC270 /* JGProgressHUDAnimation.h */,
				52997A4220720D39008EC270 /* JGProgressHUDAnimation.m */,
				52997A4320720D39008EC270 /* JGProgressHUDErrorIndicatorView.h */,
				52997A4420720D39008EC270 /* JGProgressHUDErrorIndicatorView.m */,
				52997A4520720D39008EC270 /* JGProgressHUDFadeAnimation.h */,
				52997A4620720D39008EC270 /* JGProgressHUDFadeAnimation.m */,
				52997A4720720D39008EC270 /* JGProgressHUDFadeZoomAnimation.h */,
				52997A4820720D39008EC270 /* JGProgressHUDFadeZoomAnimation.m */,
				52997A4920720D39008EC270 /* JGProgressHUDImageIndicatorView.h */,
				52997A4A20720D39008EC270 /* JGProgressHUDImageIndicatorView.m */,
				52997A4B20720D39008EC270 /* JGProgressHUDIndeterminateIndicatorView.h */,
				52997A4C20720D39008EC270 /* JGProgressHUDIndeterminateIndicatorView.m */,
				52997A4D20720D39008EC270 /* JGProgressHUDIndicatorView.h */,
				52997A4E20720D39008EC270 /* JGProgressHUDIndicatorView.m */,
				52997A4F20720D39008EC270 /* JGProgressHUDPieIndicatorView.h */,
				52997A5020720D39008EC270 /* JGProgressHUDPieIndicatorView.m */,
				52997A5120720D39008EC270 /* JGProgressHUDRingIndicatorView.h */,
				52997A5220720D39008EC270 /* JGProgressHUDRingIndicatorView.m */,
				52997A5320720D39008EC270 /* JGProgressHUDSuccessIndicatorView.h */,
				52997A5420720D39008EC270 /* JGProgressHUDSuccessIndicatorView.m */,
			);
			path = JGProgressHUD;
			sourceTree = "<group>";
		};
		52997A5520720D39008EC270 /* Mantle */ = {
			isa = PBXGroup;
			children = (
				52997A5620720D39008EC270 /* LICENSE.md */,
				52997A5720720D39008EC270 /* Mantle */,
				52997A7C20720D39008EC270 /* README.md */,
			);
			path = Mantle;
			sourceTree = "<group>";
		};
		52997A5720720D39008EC270 /* Mantle */ = {
			isa = PBXGroup;
			children = (
				52997A5820720D39008EC270 /* extobjc */,
				52997A5F20720D39008EC270 /* Mantle.h */,
				52997A6020720D39008EC270 /* MTLJSONAdapter.h */,
				52997A6120720D39008EC270 /* MTLJSONAdapter.m */,
				52997A6220720D39008EC270 /* MTLModel+NSCoding.h */,
				52997A6320720D39008EC270 /* MTLModel+NSCoding.m */,
				52997A6420720D39008EC270 /* MTLModel.h */,
				52997A6520720D39008EC270 /* MTLModel.m */,
				52997A6620720D39008EC270 /* MTLReflection.h */,
				52997A6720720D39008EC270 /* MTLReflection.m */,
				52997A6820720D39008EC270 /* MTLTransformerErrorHandling.h */,
				52997A6920720D39008EC270 /* MTLTransformerErrorHandling.m */,
				52997A6A20720D39008EC270 /* MTLValueTransformer.h */,
				52997A6B20720D39008EC270 /* MTLValueTransformer.m */,
				52997A6C20720D39008EC270 /* NSArray+MTLManipulationAdditions.h */,
				52997A6D20720D39008EC270 /* NSArray+MTLManipulationAdditions.m */,
				52997A6E20720D39008EC270 /* NSDictionary+MTLJSONKeyPath.h */,
				52997A6F20720D39008EC270 /* NSDictionary+MTLJSONKeyPath.m */,
				52997A7020720D39008EC270 /* NSDictionary+MTLManipulationAdditions.h */,
				52997A7120720D39008EC270 /* NSDictionary+MTLManipulationAdditions.m */,
				52997A7220720D39008EC270 /* NSDictionary+MTLMappingAdditions.h */,
				52997A7320720D39008EC270 /* NSDictionary+MTLMappingAdditions.m */,
				52997A7420720D39008EC270 /* NSError+MTLModelException.h */,
				52997A7520720D39008EC270 /* NSError+MTLModelException.m */,
				52997A7620720D39008EC270 /* NSObject+MTLComparisonAdditions.h */,
				52997A7720720D39008EC270 /* NSObject+MTLComparisonAdditions.m */,
				52997A7820720D39008EC270 /* NSValueTransformer+MTLInversionAdditions.h */,
				52997A7920720D39008EC270 /* NSValueTransformer+MTLInversionAdditions.m */,
				52997A7A20720D39008EC270 /* NSValueTransformer+MTLPredefinedTransformerAdditions.h */,
				52997A7B20720D39008EC270 /* NSValueTransformer+MTLPredefinedTransformerAdditions.m */,
			);
			path = Mantle;
			sourceTree = "<group>";
		};
		52997A5820720D39008EC270 /* extobjc */ = {
			isa = PBXGroup;
			children = (
				52997A5920720D39008EC270 /* EXTKeyPathCoding.h */,
				52997A5A20720D39008EC270 /* EXTRuntimeExtensions.h */,
				52997A5B20720D39008EC270 /* EXTRuntimeExtensions.m */,
				52997A5C20720D39008EC270 /* EXTScope.h */,
				52997A5D20720D39008EC270 /* EXTScope.m */,
				52997A5E20720D39008EC270 /* metamacros.h */,
			);
			path = extobjc;
			sourceTree = "<group>";
		};
		52997A7D20720D39008EC270 /* MVTheme */ = {
			isa = PBXGroup;
			children = (
				52997A7E20720D39008EC270 /* MVTheme.h */,
				52997A7F20720D39008EC270 /* MVTheme.m */,
				52997A8020720D39008EC270 /* MVThemeDefines.h */,
				52997A8120720D39008EC270 /* MVThemeManager.h */,
				52997A8220720D39008EC270 /* MVThemeManager.m */,
			);
			path = MVTheme;
			sourceTree = "<group>";
		};
		52997AC520732DD6008EC270 /* PhotoBrowser */ = {
			isa = PBXGroup;
			children = (
				52997AC620732DD6008EC270 /* NSBundle+ZLPhotoBrowser.h */,
				52997AC720732DD6008EC270 /* NSBundle+ZLPhotoBrowser.m */,
				52997AC820732DD6008EC270 /* resource */,
				52997ACC20732DD6008EC270 /* ToastUtils.h */,
				52997ACD20732DD6008EC270 /* ToastUtils.m */,
				52997ACE20732DD6008EC270 /* UIButton+EnlargeTouchArea.h */,
				52997ACF20732DD6008EC270 /* UIButton+EnlargeTouchArea.m */,
				52997AD020732DD6008EC270 /* UIImage+ZLPhotoBrowser.h */,
				52997AD120732DD6008EC270 /* UIImage+ZLPhotoBrowser.m */,
				52997AD220732DD6008EC270 /* ZLBigImageCell.h */,
				52997AD320732DD6008EC270 /* ZLBigImageCell.m */,
				52997AD420732DD6008EC270 /* ZLCollectionCell.h */,
				52997AD520732DD6008EC270 /* ZLCollectionCell.m */,
				52997AD620732DD6008EC270 /* ZLCustomCamera.h */,
				52997AD720732DD6008EC270 /* ZLCustomCamera.m */,
				52997AD820732DD6008EC270 /* ZLDefine.h */,
				52997AD920732DD6008EC270 /* ZLEditVideoController.h */,
				52997ADA20732DD6008EC270 /* ZLEditVideoController.m */,
				52997ADB20732DD6008EC270 /* ZLEditViewController.h */,
				52997ADC20732DD6008EC270 /* ZLEditViewController.m */,
				52997ADD20732DD6008EC270 /* ZLForceTouchPreviewController.h */,
				52997ADE20732DD6008EC270 /* ZLForceTouchPreviewController.m */,
				52997ADF20732DD6008EC270 /* ZLNoAuthorityViewController.h */,
				52997AE020732DD6008EC270 /* ZLNoAuthorityViewController.m */,
				52997AE120732DD6008EC270 /* ZLPhotoActionSheet.h */,
				52997AE220732DD6008EC270 /* ZLPhotoActionSheet.m */,
				52997AE320732DD6008EC270 /* ZLPhotoBrowser.h */,
				52997AE420732DD6008EC270 /* ZLPhotoBrowser.m */,
				52997AE520732DD6008EC270 /* ZLPhotoBrowserCell.h */,
				52997AE620732DD6008EC270 /* ZLPhotoBrowserCell.m */,
				52997AE720732DD6008EC270 /* ZLPhotoConfiguration.h */,
				52997AE820732DD6008EC270 /* ZLPhotoConfiguration.m */,
				52997AE920732DD6008EC270 /* ZLPhotoManager.h */,
				52997AEA20732DD6008EC270 /* ZLPhotoManager.m */,
				52997AEB20732DD6008EC270 /* ZLPhotoModel.h */,
				52997AEC20732DD6008EC270 /* ZLPhotoModel.m */,
				52997AED20732DD6008EC270 /* ZLPlayer.h */,
				52997AEE20732DD6008EC270 /* ZLPlayer.m */,
				52997AEF20732DD6008EC270 /* ZLProgressHUD.h */,
				52997AF020732DD6008EC270 /* ZLProgressHUD.m */,
				52997AF120732DD6008EC270 /* ZLShowBigImgViewController.h */,
				52997AF220732DD6008EC270 /* ZLShowBigImgViewController.m */,
				52997AF320732DD6008EC270 /* ZLThumbnailViewController.h */,
				52997AF420732DD6008EC270 /* ZLThumbnailViewController.m */,
			);
			path = PhotoBrowser;
			sourceTree = "<group>";
		};
		52997AC820732DD6008EC270 /* resource */ = {
			isa = PBXGroup;
			children = (
				52997AC920732DD6008EC270 /* ZLPhotoActionSheet.xib */,
				52997ACA20732DD6008EC270 /* ZLPhotoBrowser.bundle */,
				52997ACB20732DD6008EC270 /* ZLPhotoBrowserCell.xib */,
			);
			path = resource;
			sourceTree = "<group>";
		};
/* End PBXGroup section */

/* Begin PBXNativeTarget section */
		5208A761206F303700F6B9EA /* zhengkehome */ = {
			isa = PBXNativeTarget;
			buildConfigurationList = 5208A778206F303700F6B9EA /* Build configuration list for PBXNativeTarget "zhengkehome" */;
			buildPhases = (
				5208A75E206F303700F6B9EA /* Sources */,
				5208A75F206F303700F6B9EA /* Frameworks */,
				5208A760206F303700F6B9EA /* Resources */,
			);
			buildRules = (
			);
			dependencies = (
			);
			name = zhengkehome;
			productName = zhengkehome;
			productReference = 5208A762206F303700F6B9EA /* zhengkehome.app */;
			productType = "com.apple.product-type.application";
		};
/* End PBXNativeTarget section */

/* Begin PBXProject section */
		5208A75A206F303700F6B9EA /* Project object */ = {
			isa = PBXProject;
			attributes = {
				LastUpgradeCheck = 0900;
				ORGANIZATIONNAME = zhenghome;
				TargetAttributes = {
					5208A761206F303700F6B9EA = {
						CreatedOnToolsVersion = 9.0;
						ProvisioningStyle = Automatic;
					};
				};
			};
			buildConfigurationList = 5208A75D206F303700F6B9EA /* Build configuration list for PBXProject "zhengkehome" */;
			compatibilityVersion = "Xcode 8.0";
			developmentRegion = en;
			hasScannedForEncodings = 0;
			knownRegions = (
				en,
				Base,
			);
			mainGroup = 5208A759206F303700F6B9EA;
			productRefGroup = 5208A763206F303700F6B9EA /* Products */;
			projectDirPath = "";
			projectRoot = "";
			targets = (
				5208A761206F303700F6B9EA /* zhengkehome */,
			);
		};
/* End PBXProject section */

/* Begin PBXResourcesBuildPhase section */
		5208A760206F303700F6B9EA /* Resources */ = {
			isa = PBXResourcesBuildPhase;
			buildActionMask = 2147483647;
			files = (
				522F99FE206F730E001BCA9E /* LPMain.storyboard in Resources */,
				5208A772206F303700F6B9EA /* LaunchScreen.storyboard in Resources */,
				52997AA520720D39008EC270 /* JGProgressHUD Resources.bundle in Resources */,
				52997A9A20720D39008EC270 /* README.md in Resources */,
				52997A9920720D39008EC270 /* LICENSE in Resources */,
				5208A76F206F303700F6B9EA /* Assets.xcassets in Resources */,
				52997AC220720D39008EC270 /* README.md in Resources */,
				52997AB120720D39008EC270 /* LICENSE.md in Resources */,
			);
			runOnlyForDeploymentPostprocessing = 0;
		};
/* End PBXResourcesBuildPhase section */

/* Begin PBXSourcesBuildPhase section */
		5208A75E206F303700F6B9EA /* Sources */ = {
			isa = PBXSourcesBuildPhase;
			buildActionMask = 2147483647;
			files = (
				5208A775206F303700F6B9EA /* main.m in Sources */,
				52997A8520720D39008EC270 /* LTBaseNavigationController.m in Sources */,
				52997AAB20720D39008EC270 /* JGProgressHUDImageIndicatorView.m in Sources */,
				52997A9520720D39008EC270 /* AFSecurityPolicy.m in Sources */,
				52997A8A20720D39008EC270 /* GCBaseModel.m in Sources */,
				522F9A01206F7829001BCA9E /* LPPreview.m in Sources */,
				52997A8920720D39008EC270 /* LTBaseViewController.m in Sources */,
				52997ABC20720D39008EC270 /* NSDictionary+MTLManipulationAdditions.m in Sources */,
				52997AB620720D39008EC270 /* MTLModel.m in Sources */,
				52997AAA20720D39008EC270 /* JGProgressHUDFadeZoomAnimation.m in Sources */,
				52997A9E20720D39008EC270 /* UIActivityIndicatorView+AFNetworking.m in Sources */,
				52997A9020720D39008EC270 /* UIColor+HexColor.m in Sources */,
				52997A8420720D39008EC270 /* LTBaseEditorTableCell.m in Sources */,
				52997A9F20720D39008EC270 /* UIButton+AFNetworking.m in Sources */,
				52997ABF20720D39008EC270 /* NSObject+MTLComparisonAdditions.m in Sources */,
				52997A8E20720D39008EC270 /* LTProvinceKeyboard.m in Sources */,
				52997AA020720D39008EC270 /* UIImageView+AFNetworking.m in Sources */,
				52997AC120720D39008EC270 /* NSValueTransformer+MTLPredefinedTransformerAdditions.m in Sources */,
				52997A9120720D39008EC270 /* UIView+EasyUseGeometry.m in Sources */,
				52997AA120720D39008EC270 /* UIProgressView+AFNetworking.m in Sources */,
				52997A8820720D39008EC270 /* LTBaseTableViewController.m in Sources */,
				52997AB320720D39008EC270 /* EXTScope.m in Sources */,
				52997A9C20720D39008EC270 /* AFImageDownloader.m in Sources */,
				52997AB920720D39008EC270 /* MTLValueTransformer.m in Sources */,
				52997A9D20720D39008EC270 /* AFNetworkActivityIndicatorManager.m in Sources */,
				52997AA320720D39008EC270 /* UIWebView+AFNetworking.m in Sources */,
				52997AAF20720D39008EC270 /* JGProgressHUDRingIndicatorView.m in Sources */,
				52997AA620720D39008EC270 /* JGProgressHUD.m in Sources */,
				52997AB220720D39008EC270 /* EXTRuntimeExtensions.m in Sources */,
				52997A9820720D39008EC270 /* AFURLSessionManager.m in Sources */,
				52997AA720720D39008EC270 /* JGProgressHUDAnimation.m in Sources */,
				52997AB820720D39008EC270 /* MTLTransformerErrorHandling.m in Sources */,
				522F99FC206F665E001BCA9E /* LPRelease.m in Sources */,
				52997A8B20720D39008EC270 /* GCCommons.m in Sources */,
				52997AAE20720D39008EC270 /* JGProgressHUDPieIndicatorView.m in Sources */,
				52997AB720720D39008EC270 /* MTLReflection.m in Sources */,
				52997ABA20720D39008EC270 /* NSArray+MTLManipulationAdditions.m in Sources */,
				52997AA420720D39008EC270 /* iCarousel.m in Sources */,
				52997AAD20720D39008EC270 /* JGProgressHUDIndicatorView.m in Sources */,
				52997ABE20720D39008EC270 /* NSError+MTLModelException.m in Sources */,
				52997A9320720D39008EC270 /* AFHTTPSessionManager.m in Sources */,
				52997A9720720D39008EC270 /* AFURLResponseSerialization.m in Sources */,
				52997A8320720D39008EC270 /* LPNetWork.m in Sources */,
				52997ABB20720D39008EC270 /* NSDictionary+MTLJSONKeyPath.m in Sources */,
				52997A9620720D39008EC270 /* AFURLRequestSerialization.m in Sources */,
				52997AB020720D39008EC270 /* JGProgressHUDSuccessIndicatorView.m in Sources */,
				52997AAC20720D39008EC270 /* JGProgressHUDIndeterminateIndicatorView.m in Sources */,
				52997AB420720D39008EC270 /* MTLJSONAdapter.m in Sources */,
				52997ABD20720D39008EC270 /* NSDictionary+MTLMappingAdditions.m in Sources */,
				52997AC020720D39008EC270 /* NSValueTransformer+MTLInversionAdditions.m in Sources */,
				52997AC420720D39008EC270 /* MVThemeManager.m in Sources */,
				52997AA220720D39008EC270 /* UIRefreshControl+AFNetworking.m in Sources */,
				52997AB520720D39008EC270 /* MTLModel+NSCoding.m in Sources */,
				52997AA820720D39008EC270 /* JGProgressHUDErrorIndicatorView.m in Sources */,
				52997A8C20720D39008EC270 /* JGProgressHUD+MVExtension.m in Sources */,
				52997A9220720D39008EC270 /* UIView+GCExtension.m in Sources */,
				52997A8F20720D39008EC270 /* NSArray+GCExtension.m in Sources */,
				5208A767206F303700F6B9EA /* AppDelegate.m in Sources */,
				52997A8D20720D39008EC270 /* LPBaseModel.m in Sources */,
				52997AC320720D39008EC270 /* MVTheme.m in Sources */,
				52997A8620720D39008EC270 /* LTBaseTableCell.m in Sources */,
				52997A9B20720D39008EC270 /* AFAutoPurgingImageCache.m in Sources */,
				52997A9420720D39008EC270 /* AFNetworkReachabilityManager.m in Sources */,
				52997AA920720D39008EC270 /* JGProgressHUDFadeAnimation.m in Sources */,
				52997A8720720D39008EC270 /* LTBaseTableCellEntity.m in Sources */,
			);
			runOnlyForDeploymentPostprocessing = 0;
		};
/* End PBXSourcesBuildPhase section */

/* Begin PBXVariantGroup section */
		5208A770206F303700F6B9EA /* LaunchScreen.storyboard */ = {
			isa = PBXVariantGroup;
			children = (
				5208A771206F303700F6B9EA /* Base */,
			);
			name = LaunchScreen.storyboard;
			sourceTree = "<group>";
		};
/* End PBXVariantGroup section */

/* Begin XCBuildConfiguration section */
		5208A776206F303700F6B9EA /* Debug */ = {
			isa = XCBuildConfiguration;
			buildSettings = {
				ALWAYS_SEARCH_USER_PATHS = NO;
				CLANG_ANALYZER_NONNULL = YES;
				CLANG_ANALYZER_NUMBER_OBJECT_CONVERSION = YES_AGGRESSIVE;
				CLANG_CXX_LANGUAGE_STANDARD = "gnu++14";
				CLANG_CXX_LIBRARY = "libc++";
				CLANG_ENABLE_MODULES = YES;
				CLANG_ENABLE_OBJC_ARC = YES;
				CLANG_WARN_BLOCK_CAPTURE_AUTORELEASING = YES;
				CLANG_WARN_BOOL_CONVERSION = YES;
				CLANG_WARN_COMMA = YES;
				CLANG_WARN_CONSTANT_CONVERSION = YES;
				CLANG_WARN_DIRECT_OBJC_ISA_USAGE = YES_ERROR;
				CLANG_WARN_DOCUMENTATION_COMMENTS = YES;
				CLANG_WARN_EMPTY_BODY = YES;
				CLANG_WARN_ENUM_CONVERSION = YES;
				CLANG_WARN_INFINITE_RECURSION = YES;
				CLANG_WARN_INT_CONVERSION = YES;
				CLANG_WARN_NON_LITERAL_NULL_CONVERSION = YES;
				CLANG_WARN_OBJC_LITERAL_CONVERSION = YES;
				CLANG_WARN_OBJC_ROOT_CLASS = YES_ERROR;
				CLANG_WARN_RANGE_LOOP_ANALYSIS = YES;
				CLANG_WARN_STRICT_PROTOTYPES = YES;
				CLANG_WARN_SUSPICIOUS_MOVE = YES;
				CLANG_WARN_UNGUARDED_AVAILABILITY = YES_AGGRESSIVE;
				CLANG_WARN_UNREACHABLE_CODE = YES;
				CLANG_WARN__DUPLICATE_METHOD_MATCH = YES;
				CODE_SIGN_IDENTITY = "iPhone Developer";
				COPY_PHASE_STRIP = NO;
				DEBUG_INFORMATION_FORMAT = dwarf;
				ENABLE_STRICT_OBJC_MSGSEND = YES;
				ENABLE_TESTABILITY = YES;
				GCC_C_LANGUAGE_STANDARD = gnu11;
				GCC_DYNAMIC_NO_PIC = NO;
				GCC_NO_COMMON_BLOCKS = YES;
				GCC_OPTIMIZATION_LEVEL = 0;
				GCC_PREPROCESSOR_DEFINITIONS = (
					"DEBUG=1",
					"$(inherited)",
				);
				GCC_WARN_64_TO_32_BIT_CONVERSION = YES;
				GCC_WARN_ABOUT_RETURN_TYPE = YES_ERROR;
				GCC_WARN_UNDECLARED_SELECTOR = YES;
				GCC_WARN_UNINITIALIZED_AUTOS = YES_AGGRESSIVE;
				GCC_WARN_UNUSED_FUNCTION = YES;
				GCC_WARN_UNUSED_VARIABLE = YES;
				IPHONEOS_DEPLOYMENT_TARGET = 11.0;
				MTL_ENABLE_DEBUG_INFO = YES;
				ONLY_ACTIVE_ARCH = YES;
				SDKROOT = iphoneos;
			};
			name = Debug;
		};
		5208A777206F303700F6B9EA /* Release */ = {
			isa = XCBuildConfiguration;
			buildSettings = {
				ALWAYS_SEARCH_USER_PATHS = NO;
				CLANG_ANALYZER_NONNULL = YES;
				CLANG_ANALYZER_NUMBER_OBJECT_CONVERSION = YES_AGGRESSIVE;
				CLANG_CXX_LANGUAGE_STANDARD = "gnu++14";
				CLANG_CXX_LIBRARY = "libc++";
				CLANG_ENABLE_MODULES = YES;
				CLANG_ENABLE_OBJC_ARC = YES;
				CLANG_WARN_BLOCK_CAPTURE_AUTORELEASING = YES;
				CLANG_WARN_BOOL_CONVERSION = YES;
				CLANG_WARN_COMMA = YES;
				CLANG_WARN_CONSTANT_CONVERSION = YES;
				CLANG_WARN_DIRECT_OBJC_ISA_USAGE = YES_ERROR;
				CLANG_WARN_DOCUMENTATION_COMMENTS = YES;
				CLANG_WARN_EMPTY_BODY = YES;
				CLANG_WARN_ENUM_CONVERSION = YES;
				CLANG_WARN_INFINITE_RECURSION = YES;
				CLANG_WARN_INT_CONVERSION = YES;
				CLANG_WARN_NON_LITERAL_NULL_CONVERSION = YES;
				CLANG_WARN_OBJC_LITERAL_CONVERSION = YES;
				CLANG_WARN_OBJC_ROOT_CLASS = YES_ERROR;
				CLANG_WARN_RANGE_LOOP_ANALYSIS = YES;
				CLANG_WARN_STRICT_PROTOTYPES = YES;
				CLANG_WARN_SUSPICIOUS_MOVE = YES;
				CLANG_WARN_UNGUARDED_AVAILABILITY = YES_AGGRESSIVE;
				CLANG_WARN_UNREACHABLE_CODE = YES;
				CLANG_WARN__DUPLICATE_METHOD_MATCH = YES;
				CODE_SIGN_IDENTITY = "iPhone Developer";
				COPY_PHASE_STRIP = NO;
				DEBUG_INFORMATION_FORMAT = "dwarf-with-dsym";
				ENABLE_NS_ASSERTIONS = NO;
				ENABLE_STRICT_OBJC_MSGSEND = YES;
				GCC_C_LANGUAGE_STANDARD = gnu11;
				GCC_NO_COMMON_BLOCKS = YES;
				GCC_WARN_64_TO_32_BIT_CONVERSION = YES;
				GCC_WARN_ABOUT_RETURN_TYPE = YES_ERROR;
				GCC_WARN_UNDECLARED_SELECTOR = YES;
				GCC_WARN_UNINITIALIZED_AUTOS = YES_AGGRESSIVE;
				GCC_WARN_UNUSED_FUNCTION = YES;
				GCC_WARN_UNUSED_VARIABLE = YES;
				IPHONEOS_DEPLOYMENT_TARGET = 11.0;
				MTL_ENABLE_DEBUG_INFO = NO;
				SDKROOT = iphoneos;
				VALIDATE_PRODUCT = YES;
			};
			name = Release;
		};
		5208A779206F303700F6B9EA /* Debug */ = {
			isa = XCBuildConfiguration;
			buildSettings = {
				ASSETCATALOG_COMPILER_APPICON_NAME = AppIcon;
				CODE_SIGN_STYLE = Automatic;
				DEVELOPMENT_TEAM = CJ5M74LVXT;
				INFOPLIST_FILE = zhengkehome/Info.plist;
				IPHONEOS_DEPLOYMENT_TARGET = 9.0;
				LD_RUNPATH_SEARCH_PATHS = "$(inherited) @executable_path/Frameworks";
				PRODUCT_BUNDLE_IDENTIFIER = zhengkehome;
				PRODUCT_NAME = "$(TARGET_NAME)";
				TARGETED_DEVICE_FAMILY = "1,2";
			};
			name = Debug;
		};
		5208A77A206F303700F6B9EA /* Release */ = {
			isa = XCBuildConfiguration;
			buildSettings = {
				ASSETCATALOG_COMPILER_APPICON_NAME = AppIcon;
				CODE_SIGN_STYLE = Automatic;
				DEVELOPMENT_TEAM = CJ5M74LVXT;
				INFOPLIST_FILE = zhengkehome/Info.plist;
				IPHONEOS_DEPLOYMENT_TARGET = 9.0;
				LD_RUNPATH_SEARCH_PATHS = "$(inherited) @executable_path/Frameworks";
				PRODUCT_BUNDLE_IDENTIFIER = zhengkehome;
				PRODUCT_NAME = "$(TARGET_NAME)";
				TARGETED_DEVICE_FAMILY = "1,2";
			};
			name = Release;
		};
/* End XCBuildConfiguration section */

/* Begin XCConfigurationList section */
		5208A75D206F303700F6B9EA /* Build configuration list for PBXProject "zhengkehome" */ = {
			isa = XCConfigurationList;
			buildConfigurations = (
				5208A776206F303700F6B9EA /* Debug */,
				5208A777206F303700F6B9EA /* Release */,
			);
			defaultConfigurationIsVisible = 0;
			defaultConfigurationName = Release;
		};
		5208A778206F303700F6B9EA /* Build configuration list for PBXNativeTarget "zhengkehome" */ = {
			isa = XCConfigurationList;
			buildConfigurations = (
				5208A779206F303700F6B9EA /* Debug */,
				5208A77A206F303700F6B9EA /* Release */,
			);
			defaultConfigurationIsVisible = 0;
			defaultConfigurationName = Release;
		};
/* End XCConfigurationList section */
	};
	rootObject = 5208A75A206F303700F6B9EA /* Project object */;
}
